// !$*UTF8*$!
{
	archiveVersion = 1;
	classes = {
	};
	objectVersion = 46;
	objects = {

/* Begin PBXBuildFile section */
		8A5F03311383D3B10075619D /* QuartzCore.framework in Frameworks */ = {isa = PBXBuildFile; fileRef = 8A5F03301383D3B10075619D /* QuartzCore.framework */; };
		8A5F03331383D3B10075619D /* OpenGLES.framework in Frameworks */ = {isa = PBXBuildFile; fileRef = 8A5F03321383D3B10075619D /* OpenGLES.framework */; };
		8A5F03351383D3B10075619D /* OpenAL.framework in Frameworks */ = {isa = PBXBuildFile; fileRef = 8A5F03341383D3B10075619D /* OpenAL.framework */; };
		8A5F03371383D3B10075619D /* AudioToolbox.framework in Frameworks */ = {isa = PBXBuildFile; fileRef = 8A5F03361383D3B10075619D /* AudioToolbox.framework */; };
		8A5F03391383D3B10075619D /* AVFoundation.framework in Frameworks */ = {isa = PBXBuildFile; fileRef = 8A5F03381383D3B10075619D /* AVFoundation.framework */; };
		8A5F033B1383D3B10075619D /* UIKit.framework in Frameworks */ = {isa = PBXBuildFile; fileRef = 8A5F033A1383D3B10075619D /* UIKit.framework */; };
		8A5F033D1383D3B10075619D /* Foundation.framework in Frameworks */ = {isa = PBXBuildFile; fileRef = 8A5F033C1383D3B10075619D /* Foundation.framework */; };
		8A5F033F1383D3B10075619D /* CoreGraphics.framework in Frameworks */ = {isa = PBXBuildFile; fileRef = 8A5F033E1383D3B10075619D /* CoreGraphics.framework */; };
		8A5F03431383D3B10075619D /* Default.png in Resources */ = {isa = PBXBuildFile; fileRef = 8A5F03421383D3B10075619D /* Default.png */; };
		8A5F03451383D3B10075619D /* fps_images.png in Resources */ = {isa = PBXBuildFile; fileRef = 8A5F03441383D3B10075619D /* fps_images.png */; };
		8A5F03471383D3B10075619D /* Icon-72.png in Resources */ = {isa = PBXBuildFile; fileRef = 8A5F03461383D3B10075619D /* Icon-72.png */; };
		8A5F03491383D3B10075619D /* Icon-Small-50.png in Resources */ = {isa = PBXBuildFile; fileRef = 8A5F03481383D3B10075619D /* Icon-Small-50.png */; };
		8A5F034B1383D3B10075619D /* Icon-Small.png in Resources */ = {isa = PBXBuildFile; fileRef = 8A5F034A1383D3B10075619D /* Icon-Small.png */; };
		8A5F034D1383D3B10075619D /* Icon-Small@2x.png in Resources */ = {isa = PBXBuildFile; fileRef = 8A5F034C1383D3B10075619D /* Icon-Small@2x.png */; };
		8A5F034F1383D3B10075619D /* Icon.png in Resources */ = {isa = PBXBuildFile; fileRef = 8A5F034E1383D3B10075619D /* Icon.png */; };
		8A5F03511383D3B10075619D /* Icon@2x.png in Resources */ = {isa = PBXBuildFile; fileRef = 8A5F03501383D3B10075619D /* Icon@2x.png */; };
		8A5F03541383D3B10075619D /* iTunesArtwork in Resources */ = {isa = PBXBuildFile; fileRef = 8A5F03531383D3B10075619D /* iTunesArtwork */; };
		8A5F03581383D3B10075619D /* CCAction.m in Sources */ = {isa = PBXBuildFile; fileRef = 8A5F03571383D3B10075619D /* CCAction.m */; };
		8A5F035B1383D3B10075619D /* CCActionCamera.m in Sources */ = {isa = PBXBuildFile; fileRef = 8A5F035A1383D3B10075619D /* CCActionCamera.m */; };
		8A5F035E1383D3B10075619D /* CCActionEase.m in Sources */ = {isa = PBXBuildFile; fileRef = 8A5F035D1383D3B10075619D /* CCActionEase.m */; };
		8A5F03611383D3B10075619D /* CCActionGrid.m in Sources */ = {isa = PBXBuildFile; fileRef = 8A5F03601383D3B10075619D /* CCActionGrid.m */; };
		8A5F03641383D3B10075619D /* CCActionGrid3D.m in Sources */ = {isa = PBXBuildFile; fileRef = 8A5F03631383D3B10075619D /* CCActionGrid3D.m */; };
		8A5F03671383D3B10075619D /* CCActionInstant.m in Sources */ = {isa = PBXBuildFile; fileRef = 8A5F03661383D3B10075619D /* CCActionInstant.m */; };
		8A5F036A1383D3B10075619D /* CCActionInterval.m in Sources */ = {isa = PBXBuildFile; fileRef = 8A5F03691383D3B10075619D /* CCActionInterval.m */; };
		8A5F036D1383D3B10075619D /* CCActionManager.m in Sources */ = {isa = PBXBuildFile; fileRef = 8A5F036C1383D3B10075619D /* CCActionManager.m */; };
		8A5F03701383D3B10075619D /* CCActionPageTurn3D.m in Sources */ = {isa = PBXBuildFile; fileRef = 8A5F036F1383D3B10075619D /* CCActionPageTurn3D.m */; };
		8A5F03731383D3B10075619D /* CCActionProgressTimer.m in Sources */ = {isa = PBXBuildFile; fileRef = 8A5F03721383D3B10075619D /* CCActionProgressTimer.m */; };
		8A5F03761383D3B10075619D /* CCActionTiledGrid.m in Sources */ = {isa = PBXBuildFile; fileRef = 8A5F03751383D3B10075619D /* CCActionTiledGrid.m */; };
		8A5F03791383D3B10075619D /* CCActionTween.m in Sources */ = {isa = PBXBuildFile; fileRef = 8A5F03781383D3B10075619D /* CCActionTween.m */; };
		8A5F037C1383D3B10075619D /* CCAnimation.m in Sources */ = {isa = PBXBuildFile; fileRef = 8A5F037B1383D3B10075619D /* CCAnimation.m */; };
		8A5F037F1383D3B10075619D /* CCAnimationCache.m in Sources */ = {isa = PBXBuildFile; fileRef = 8A5F037E1383D3B10075619D /* CCAnimationCache.m */; };
		8A5F03821383D3B10075619D /* CCAtlasNode.m in Sources */ = {isa = PBXBuildFile; fileRef = 8A5F03811383D3B10075619D /* CCAtlasNode.m */; };
		8A5F03851383D3B10075619D /* CCBlockSupport.m in Sources */ = {isa = PBXBuildFile; fileRef = 8A5F03841383D3B10075619D /* CCBlockSupport.m */; };
		8A5F03881383D3B10075619D /* CCCamera.m in Sources */ = {isa = PBXBuildFile; fileRef = 8A5F03871383D3B10075619D /* CCCamera.m */; };
		8A5F038C1383D3B10075619D /* CCConfiguration.m in Sources */ = {isa = PBXBuildFile; fileRef = 8A5F038B1383D3B10075619D /* CCConfiguration.m */; };
		8A5F038F1383D3B10075619D /* CCDirector.m in Sources */ = {isa = PBXBuildFile; fileRef = 8A5F038E1383D3B10075619D /* CCDirector.m */; };
		8A5F03921383D3B10075619D /* CCDrawingPrimitives.m in Sources */ = {isa = PBXBuildFile; fileRef = 8A5F03911383D3B10075619D /* CCDrawingPrimitives.m */; };
		8A5F03951383D3B10075619D /* CCGrabber.m in Sources */ = {isa = PBXBuildFile; fileRef = 8A5F03941383D3B10075619D /* CCGrabber.m */; };
		8A5F03981383D3B10075619D /* CCGrid.m in Sources */ = {isa = PBXBuildFile; fileRef = 8A5F03971383D3B10075619D /* CCGrid.m */; };
		8A5F039B1383D3B10075619D /* CCLabelAtlas.m in Sources */ = {isa = PBXBuildFile; fileRef = 8A5F039A1383D3B10075619D /* CCLabelAtlas.m */; };
		8A5F039E1383D3B10075619D /* CCLabelBMFont.m in Sources */ = {isa = PBXBuildFile; fileRef = 8A5F039D1383D3B10075619D /* CCLabelBMFont.m */; };
		8A5F03A11383D3B10075619D /* CCLabelTTF.m in Sources */ = {isa = PBXBuildFile; fileRef = 8A5F03A01383D3B10075619D /* CCLabelTTF.m */; };
		8A5F03A41383D3B10075619D /* CCLayer.m in Sources */ = {isa = PBXBuildFile; fileRef = 8A5F03A31383D3B10075619D /* CCLayer.m */; };
		8A5F03A81383D3B10075619D /* CCMenu.m in Sources */ = {isa = PBXBuildFile; fileRef = 8A5F03A71383D3B10075619D /* CCMenu.m */; };
		8A5F03AB1383D3B10075619D /* CCMenuItem.m in Sources */ = {isa = PBXBuildFile; fileRef = 8A5F03AA1383D3B10075619D /* CCMenuItem.m */; };
		8A5F03AE1383D3B10075619D /* CCMotionStreak.m in Sources */ = {isa = PBXBuildFile; fileRef = 8A5F03AD1383D3B10075619D /* CCMotionStreak.m */; };
		8A5F03B11383D3B10075619D /* CCNode.m in Sources */ = {isa = PBXBuildFile; fileRef = 8A5F03B01383D3B10075619D /* CCNode.m */; };
		8A5F03B41383D3B10075619D /* CCParallaxNode.m in Sources */ = {isa = PBXBuildFile; fileRef = 8A5F03B31383D3B10075619D /* CCParallaxNode.m */; };
		8A5F03B71383D3B10075619D /* CCParticleExamples.m in Sources */ = {isa = PBXBuildFile; fileRef = 8A5F03B61383D3B10075619D /* CCParticleExamples.m */; };
		8A5F03BA1383D3B10075619D /* CCParticleSystem.m in Sources */ = {isa = PBXBuildFile; fileRef = 8A5F03B91383D3B10075619D /* CCParticleSystem.m */; };
		8A5F03BD1383D3B10075619D /* CCParticleSystemPoint.m in Sources */ = {isa = PBXBuildFile; fileRef = 8A5F03BC1383D3B10075619D /* CCParticleSystemPoint.m */; };
		8A5F03C01383D3B10075619D /* CCParticleSystemQuad.m in Sources */ = {isa = PBXBuildFile; fileRef = 8A5F03BF1383D3B10075619D /* CCParticleSystemQuad.m */; };
		8A5F03C31383D3B10075619D /* CCProgressTimer.m in Sources */ = {isa = PBXBuildFile; fileRef = 8A5F03C21383D3B10075619D /* CCProgressTimer.m */; };
		8A5F03C71383D3B10075619D /* CCRenderTexture.m in Sources */ = {isa = PBXBuildFile; fileRef = 8A5F03C61383D3B10075619D /* CCRenderTexture.m */; };
		8A5F03CA1383D3B10075619D /* CCRibbon.m in Sources */ = {isa = PBXBuildFile; fileRef = 8A5F03C91383D3B10075619D /* CCRibbon.m */; };
		8A5F03CD1383D3B10075619D /* CCScene.m in Sources */ = {isa = PBXBuildFile; fileRef = 8A5F03CC1383D3B10075619D /* CCScene.m */; };
		8A5F03D01383D3B10075619D /* CCScheduler.m in Sources */ = {isa = PBXBuildFile; fileRef = 8A5F03CF1383D3B10075619D /* CCScheduler.m */; };
		8A5F03D31383D3B10075619D /* CCSprite.m in Sources */ = {isa = PBXBuildFile; fileRef = 8A5F03D21383D3B10075619D /* CCSprite.m */; };
		8A5F03D61383D3B10075619D /* CCSpriteBatchNode.m in Sources */ = {isa = PBXBuildFile; fileRef = 8A5F03D51383D3B10075619D /* CCSpriteBatchNode.m */; };
		8A5F03D91383D3B10075619D /* CCSpriteFrame.m in Sources */ = {isa = PBXBuildFile; fileRef = 8A5F03D81383D3B10075619D /* CCSpriteFrame.m */; };
		8A5F03DC1383D3B10075619D /* CCSpriteFrameCache.m in Sources */ = {isa = PBXBuildFile; fileRef = 8A5F03DB1383D3B10075619D /* CCSpriteFrameCache.m */; };
		8A5F03DF1383D3B10075619D /* CCTexture2D.m in Sources */ = {isa = PBXBuildFile; fileRef = 8A5F03DE1383D3B10075619D /* CCTexture2D.m */; };
		8A5F03E21383D3B10075619D /* CCTextureAtlas.m in Sources */ = {isa = PBXBuildFile; fileRef = 8A5F03E11383D3B10075619D /* CCTextureAtlas.m */; };
		8A5F03E51383D3B10075619D /* CCTextureCache.m in Sources */ = {isa = PBXBuildFile; fileRef = 8A5F03E41383D3B10075619D /* CCTextureCache.m */; };
		8A5F03E81383D3B20075619D /* CCTexturePVR.m in Sources */ = {isa = PBXBuildFile; fileRef = 8A5F03E71383D3B20075619D /* CCTexturePVR.m */; };
		8A5F03EB1383D3B20075619D /* CCTileMapAtlas.m in Sources */ = {isa = PBXBuildFile; fileRef = 8A5F03EA1383D3B20075619D /* CCTileMapAtlas.m */; };
		8A5F03EE1383D3B20075619D /* CCTMXLayer.m in Sources */ = {isa = PBXBuildFile; fileRef = 8A5F03ED1383D3B20075619D /* CCTMXLayer.m */; };
		8A5F03F11383D3B20075619D /* CCTMXObjectGroup.m in Sources */ = {isa = PBXBuildFile; fileRef = 8A5F03F01383D3B20075619D /* CCTMXObjectGroup.m */; };
		8A5F03F41383D3B20075619D /* CCTMXTiledMap.m in Sources */ = {isa = PBXBuildFile; fileRef = 8A5F03F31383D3B20075619D /* CCTMXTiledMap.m */; };
		8A5F03F71383D3B20075619D /* CCTMXXMLParser.m in Sources */ = {isa = PBXBuildFile; fileRef = 8A5F03F61383D3B20075619D /* CCTMXXMLParser.m */; };
		8A5F03FA1383D3B20075619D /* CCTransition.m in Sources */ = {isa = PBXBuildFile; fileRef = 8A5F03F91383D3B20075619D /* CCTransition.m */; };
		8A5F03FD1383D3B20075619D /* CCTransitionPageTurn.m in Sources */ = {isa = PBXBuildFile; fileRef = 8A5F03FC1383D3B20075619D /* CCTransitionPageTurn.m */; };
		8A5F04001383D3B20075619D /* CCTransitionRadial.m in Sources */ = {isa = PBXBuildFile; fileRef = 8A5F03FF1383D3B20075619D /* CCTransitionRadial.m */; };
		8A5F04041383D3B20075619D /* cocos2d.m in Sources */ = {isa = PBXBuildFile; fileRef = 8A5F04031383D3B20075619D /* cocos2d.m */; };
		8A5F04091383D3B20075619D /* CCDirectorIOS.m in Sources */ = {isa = PBXBuildFile; fileRef = 8A5F04081383D3B20075619D /* CCDirectorIOS.m */; };
		8A5F040D1383D3B20075619D /* CCTouchDispatcher.m in Sources */ = {isa = PBXBuildFile; fileRef = 8A5F040C1383D3B20075619D /* CCTouchDispatcher.m */; };
		8A5F04101383D3B20075619D /* CCTouchHandler.m in Sources */ = {isa = PBXBuildFile; fileRef = 8A5F040F1383D3B20075619D /* CCTouchHandler.m */; };
		8A5F04131383D3B20075619D /* EAGLView.m in Sources */ = {isa = PBXBuildFile; fileRef = 8A5F04121383D3B20075619D /* EAGLView.m */; };
		8A5F04161383D3B20075619D /* ES1Renderer.m in Sources */ = {isa = PBXBuildFile; fileRef = 8A5F04151383D3B20075619D /* ES1Renderer.m */; };
		8A5F04191383D3B20075619D /* glu.c in Sources */ = {isa = PBXBuildFile; fileRef = 8A5F04181383D3B20075619D /* glu.c */; };
		8A5F041D1383D3B20075619D /* CCDirectorMac.m in Sources */ = {isa = PBXBuildFile; fileRef = 8A5F041C1383D3B20075619D /* CCDirectorMac.m */; };
		8A5F04201383D3B20075619D /* CCEventDispatcher.m in Sources */ = {isa = PBXBuildFile; fileRef = 8A5F041F1383D3B20075619D /* CCEventDispatcher.m */; };
		8A5F04231383D3B20075619D /* MacGLView.m in Sources */ = {isa = PBXBuildFile; fileRef = 8A5F04221383D3B20075619D /* MacGLView.m */; };
		8A5F04261383D3B20075619D /* MacWindow.m in Sources */ = {isa = PBXBuildFile; fileRef = 8A5F04251383D3B20075619D /* MacWindow.m */; };
		8A5F04281383D3B20075619D /* base64.c in Sources */ = {isa = PBXBuildFile; fileRef = 8A5F04271383D3B20075619D /* base64.c */; };
		8A5F042C1383D3B20075619D /* CCArray.m in Sources */ = {isa = PBXBuildFile; fileRef = 8A5F042B1383D3B20075619D /* CCArray.m */; };
		8A5F04301383D3B20075619D /* CCFileUtils.m in Sources */ = {isa = PBXBuildFile; fileRef = 8A5F042F1383D3B20075619D /* CCFileUtils.m */; };
		8A5F04331383D3B20075619D /* CCProfiling.m in Sources */ = {isa = PBXBuildFile; fileRef = 8A5F04321383D3B20075619D /* CCProfiling.m */; };
		8A5F04351383D3B20075619D /* ccUtils.c in Sources */ = {isa = PBXBuildFile; fileRef = 8A5F04341383D3B20075619D /* ccUtils.c */; };
		8A5F04391383D3B20075619D /* CGPointExtension.m in Sources */ = {isa = PBXBuildFile; fileRef = 8A5F04381383D3B20075619D /* CGPointExtension.m */; };
		8A5F043D1383D3B20075619D /* TGAlib.m in Sources */ = {isa = PBXBuildFile; fileRef = 8A5F043C1383D3B20075619D /* TGAlib.m */; };
		8A5F04401383D3B20075619D /* TransformUtils.m in Sources */ = {isa = PBXBuildFile; fileRef = 8A5F043F1383D3B20075619D /* TransformUtils.m */; };
		8A5F04451383D3B20075619D /* ZipUtils.m in Sources */ = {isa = PBXBuildFile; fileRef = 8A5F04441383D3B20075619D /* ZipUtils.m */; };
		8A5F04491383D3B20075619D /* CDAudioManager.m in Sources */ = {isa = PBXBuildFile; fileRef = 8A5F04481383D3B20075619D /* CDAudioManager.m */; };
		8A5F044D1383D3B20075619D /* CDOpenALSupport.m in Sources */ = {isa = PBXBuildFile; fileRef = 8A5F044C1383D3B20075619D /* CDOpenALSupport.m */; };
		8A5F04501383D3B20075619D /* CocosDenshion.m in Sources */ = {isa = PBXBuildFile; fileRef = 8A5F044F1383D3B20075619D /* CocosDenshion.m */; };
		8A5F04531383D3B20075619D /* SimpleAudioEngine.m in Sources */ = {isa = PBXBuildFile; fileRef = 8A5F04521383D3B20075619D /* SimpleAudioEngine.m */; };
		8A5F04571383D3B30075619D /* CLScoreServerPost.m in Sources */ = {isa = PBXBuildFile; fileRef = 8A5F04561383D3B30075619D /* CLScoreServerPost.m */; };
		8A5F045A1383D3B30075619D /* CLScoreServerRequest.m in Sources */ = {isa = PBXBuildFile; fileRef = 8A5F04591383D3B30075619D /* CLScoreServerRequest.m */; };
		8A5F045D1383D3B30075619D /* cocoslive.m in Sources */ = {isa = PBXBuildFile; fileRef = 8A5F045C1383D3B30075619D /* cocoslive.m */; };
		8A5F04611383D3B30075619D /* FontLabel.m in Sources */ = {isa = PBXBuildFile; fileRef = 8A5F04601383D3B30075619D /* FontLabel.m */; };
		8A5F04641383D3B30075619D /* FontLabelStringDrawing.m in Sources */ = {isa = PBXBuildFile; fileRef = 8A5F04631383D3B30075619D /* FontLabelStringDrawing.m */; };
		8A5F04671383D3B30075619D /* FontManager.m in Sources */ = {isa = PBXBuildFile; fileRef = 8A5F04661383D3B30075619D /* FontManager.m */; };
		8A5F046A1383D3B30075619D /* ZAttributedString.m in Sources */ = {isa = PBXBuildFile; fileRef = 8A5F04691383D3B30075619D /* ZAttributedString.m */; };
		8A5F046E1383D3B30075619D /* ZFont.m in Sources */ = {isa = PBXBuildFile; fileRef = 8A5F046D1383D3B30075619D /* ZFont.m */; };
		8A5F04721383D3B30075619D /* CDataScanner.m in Sources */ = {isa = PBXBuildFile; fileRef = 8A5F04711383D3B30075619D /* CDataScanner.m */; };
		8A5F04751383D3B30075619D /* CDataScanner_Extensions.m in Sources */ = {isa = PBXBuildFile; fileRef = 8A5F04741383D3B30075619D /* CDataScanner_Extensions.m */; };
		8A5F04781383D3B30075619D /* NSCharacterSet_Extensions.m in Sources */ = {isa = PBXBuildFile; fileRef = 8A5F04771383D3B30075619D /* NSCharacterSet_Extensions.m */; };
		8A5F047B1383D3B30075619D /* NSDictionary_JSONExtensions.m in Sources */ = {isa = PBXBuildFile; fileRef = 8A5F047A1383D3B30075619D /* NSDictionary_JSONExtensions.m */; };
		8A5F047E1383D3B30075619D /* NSScanner_Extensions.m in Sources */ = {isa = PBXBuildFile; fileRef = 8A5F047D1383D3B30075619D /* NSScanner_Extensions.m */; };
		8A5F04811383D3B30075619D /* CJSONDeserializer.m in Sources */ = {isa = PBXBuildFile; fileRef = 8A5F04801383D3B30075619D /* CJSONDeserializer.m */; };
		8A5F04841383D3B30075619D /* CJSONScanner.m in Sources */ = {isa = PBXBuildFile; fileRef = 8A5F04831383D3B30075619D /* CJSONScanner.m */; };
		8A5F04871383D3B30075619D /* CJSONSerializer.m in Sources */ = {isa = PBXBuildFile; fileRef = 8A5F04861383D3B30075619D /* CJSONSerializer.m */; };
		8A5F048B1383D3B30075619D /* main.m in Sources */ = {isa = PBXBuildFile; fileRef = 8A5F048A1383D3B30075619D /* main.m */; };
		8A5F048E1383D3B30075619D /* AppDelegate.m in Sources */ = {isa = PBXBuildFile; fileRef = 8A5F048D1383D3B30075619D /* AppDelegate.m */; };
		8A5F04911383D3B30075619D /* RootViewController.m in Sources */ = {isa = PBXBuildFile; fileRef = 8A5F04901383D3B30075619D /* RootViewController.m */; };
		8A5F04941383D3B30075619D /* HelloWorldLayer.m in Sources */ = {isa = PBXBuildFile; fileRef = 8A5F04931383D3B30075619D /* HelloWorldLayer.m */; };
/* End PBXBuildFile section */

/* Begin PBXFileReference section */
		8A5F032C1383D3B10075619D /* iJPad.app */ = {isa = PBXFileReference; explicitFileType = wrapper.application; includeInIndex = 0; path = iJPad.app; sourceTree = BUILT_PRODUCTS_DIR; };
		8A5F03301383D3B10075619D /* QuartzCore.framework */ = {isa = PBXFileReference; lastKnownFileType = wrapper.framework; name = QuartzCore.framework; path = System/Library/Frameworks/QuartzCore.framework; sourceTree = SDKROOT; };
		8A5F03321383D3B10075619D /* OpenGLES.framework */ = {isa = PBXFileReference; lastKnownFileType = wrapper.framework; name = OpenGLES.framework; path = System/Library/Frameworks/OpenGLES.framework; sourceTree = SDKROOT; };
		8A5F03341383D3B10075619D /* OpenAL.framework */ = {isa = PBXFileReference; lastKnownFileType = wrapper.framework; name = OpenAL.framework; path = System/Library/Frameworks/OpenAL.framework; sourceTree = SDKROOT; };
		8A5F03361383D3B10075619D /* AudioToolbox.framework */ = {isa = PBXFileReference; lastKnownFileType = wrapper.framework; name = AudioToolbox.framework; path = System/Library/Frameworks/AudioToolbox.framework; sourceTree = SDKROOT; };
		8A5F03381383D3B10075619D /* AVFoundation.framework */ = {isa = PBXFileReference; lastKnownFileType = wrapper.framework; name = AVFoundation.framework; path = System/Library/Frameworks/AVFoundation.framework; sourceTree = SDKROOT; };
		8A5F033A1383D3B10075619D /* UIKit.framework */ = {isa = PBXFileReference; lastKnownFileType = wrapper.framework; name = UIKit.framework; path = System/Library/Frameworks/UIKit.framework; sourceTree = SDKROOT; };
		8A5F033C1383D3B10075619D /* Foundation.framework */ = {isa = PBXFileReference; lastKnownFileType = wrapper.framework; name = Foundation.framework; path = System/Library/Frameworks/Foundation.framework; sourceTree = SDKROOT; };
		8A5F033E1383D3B10075619D /* CoreGraphics.framework */ = {isa = PBXFileReference; lastKnownFileType = wrapper.framework; name = CoreGraphics.framework; path = System/Library/Frameworks/CoreGraphics.framework; sourceTree = SDKROOT; };
		8A5F03421383D3B10075619D /* Default.png */ = {isa = PBXFileReference; lastKnownFileType = image.png; name = Default.png; path = Resources/Default.png; sourceTree = "<group>"; };
		8A5F03441383D3B10075619D /* fps_images.png */ = {isa = PBXFileReference; lastKnownFileType = image.png; name = fps_images.png; path = Resources/fps_images.png; sourceTree = "<group>"; };
		8A5F03461383D3B10075619D /* Icon-72.png */ = {isa = PBXFileReference; lastKnownFileType = image.png; name = "Icon-72.png"; path = "Resources/Icon-72.png"; sourceTree = "<group>"; };
		8A5F03481383D3B10075619D /* Icon-Small-50.png */ = {isa = PBXFileReference; lastKnownFileType = image.png; name = "Icon-Small-50.png"; path = "Resources/Icon-Small-50.png"; sourceTree = "<group>"; };
		8A5F034A1383D3B10075619D /* Icon-Small.png */ = {isa = PBXFileReference; lastKnownFileType = image.png; name = "Icon-Small.png"; path = "Resources/Icon-Small.png"; sourceTree = "<group>"; };
		8A5F034C1383D3B10075619D /* Icon-Small@2x.png */ = {isa = PBXFileReference; lastKnownFileType = image.png; name = "Icon-Small@2x.png"; path = "Resources/Icon-Small@2x.png"; sourceTree = "<group>"; };
		8A5F034E1383D3B10075619D /* Icon.png */ = {isa = PBXFileReference; lastKnownFileType = image.png; name = Icon.png; path = Resources/Icon.png; sourceTree = "<group>"; };
		8A5F03501383D3B10075619D /* Icon@2x.png */ = {isa = PBXFileReference; lastKnownFileType = image.png; name = "Icon@2x.png"; path = "Resources/Icon@2x.png"; sourceTree = "<group>"; };
		8A5F03521383D3B10075619D /* Info.plist */ = {isa = PBXFileReference; name = Info.plist; path = Resources/Info.plist; sourceTree = "<group>"; };
		8A5F03531383D3B10075619D /* iTunesArtwork */ = {isa = PBXFileReference; lastKnownFileType = file; name = iTunesArtwork; path = Resources/iTunesArtwork; sourceTree = "<group>"; };
		8A5F03561383D3B10075619D /* CCAction.h */ = {isa = PBXFileReference; name = CCAction.h; path = libs/cocos2d/CCAction.h; sourceTree = "<group>"; };
		8A5F03571383D3B10075619D /* CCAction.m */ = {isa = PBXFileReference; lastKnownFileType = sourcecode.c.objc; name = CCAction.m; path = libs/cocos2d/CCAction.m; sourceTree = "<group>"; };
		8A5F03591383D3B10075619D /* CCActionCamera.h */ = {isa = PBXFileReference; name = CCActionCamera.h; path = libs/cocos2d/CCActionCamera.h; sourceTree = "<group>"; };
		8A5F035A1383D3B10075619D /* CCActionCamera.m */ = {isa = PBXFileReference; lastKnownFileType = sourcecode.c.objc; name = CCActionCamera.m; path = libs/cocos2d/CCActionCamera.m; sourceTree = "<group>"; };
		8A5F035C1383D3B10075619D /* CCActionEase.h */ = {isa = PBXFileReference; name = CCActionEase.h; path = libs/cocos2d/CCActionEase.h; sourceTree = "<group>"; };
		8A5F035D1383D3B10075619D /* CCActionEase.m */ = {isa = PBXFileReference; lastKnownFileType = sourcecode.c.objc; name = CCActionEase.m; path = libs/cocos2d/CCActionEase.m; sourceTree = "<group>"; };
		8A5F035F1383D3B10075619D /* CCActionGrid.h */ = {isa = PBXFileReference; name = CCActionGrid.h; path = libs/cocos2d/CCActionGrid.h; sourceTree = "<group>"; };
		8A5F03601383D3B10075619D /* CCActionGrid.m */ = {isa = PBXFileReference; lastKnownFileType = sourcecode.c.objc; name = CCActionGrid.m; path = libs/cocos2d/CCActionGrid.m; sourceTree = "<group>"; };
		8A5F03621383D3B10075619D /* CCActionGrid3D.h */ = {isa = PBXFileReference; name = CCActionGrid3D.h; path = libs/cocos2d/CCActionGrid3D.h; sourceTree = "<group>"; };
		8A5F03631383D3B10075619D /* CCActionGrid3D.m */ = {isa = PBXFileReference; lastKnownFileType = sourcecode.c.objc; name = CCActionGrid3D.m; path = libs/cocos2d/CCActionGrid3D.m; sourceTree = "<group>"; };
		8A5F03651383D3B10075619D /* CCActionInstant.h */ = {isa = PBXFileReference; name = CCActionInstant.h; path = libs/cocos2d/CCActionInstant.h; sourceTree = "<group>"; };
		8A5F03661383D3B10075619D /* CCActionInstant.m */ = {isa = PBXFileReference; lastKnownFileType = sourcecode.c.objc; name = CCActionInstant.m; path = libs/cocos2d/CCActionInstant.m; sourceTree = "<group>"; };
		8A5F03681383D3B10075619D /* CCActionInterval.h */ = {isa = PBXFileReference; name = CCActionInterval.h; path = libs/cocos2d/CCActionInterval.h; sourceTree = "<group>"; };
		8A5F03691383D3B10075619D /* CCActionInterval.m */ = {isa = PBXFileReference; lastKnownFileType = sourcecode.c.objc; name = CCActionInterval.m; path = libs/cocos2d/CCActionInterval.m; sourceTree = "<group>"; };
		8A5F036B1383D3B10075619D /* CCActionManager.h */ = {isa = PBXFileReference; name = CCActionManager.h; path = libs/cocos2d/CCActionManager.h; sourceTree = "<group>"; };
		8A5F036C1383D3B10075619D /* CCActionManager.m */ = {isa = PBXFileReference; lastKnownFileType = sourcecode.c.objc; name = CCActionManager.m; path = libs/cocos2d/CCActionManager.m; sourceTree = "<group>"; };
		8A5F036E1383D3B10075619D /* CCActionPageTurn3D.h */ = {isa = PBXFileReference; name = CCActionPageTurn3D.h; path = libs/cocos2d/CCActionPageTurn3D.h; sourceTree = "<group>"; };
		8A5F036F1383D3B10075619D /* CCActionPageTurn3D.m */ = {isa = PBXFileReference; lastKnownFileType = sourcecode.c.objc; name = CCActionPageTurn3D.m; path = libs/cocos2d/CCActionPageTurn3D.m; sourceTree = "<group>"; };
		8A5F03711383D3B10075619D /* CCActionProgressTimer.h */ = {isa = PBXFileReference; name = CCActionProgressTimer.h; path = libs/cocos2d/CCActionProgressTimer.h; sourceTree = "<group>"; };
		8A5F03721383D3B10075619D /* CCActionProgressTimer.m */ = {isa = PBXFileReference; lastKnownFileType = sourcecode.c.objc; name = CCActionProgressTimer.m; path = libs/cocos2d/CCActionProgressTimer.m; sourceTree = "<group>"; };
		8A5F03741383D3B10075619D /* CCActionTiledGrid.h */ = {isa = PBXFileReference; name = CCActionTiledGrid.h; path = libs/cocos2d/CCActionTiledGrid.h; sourceTree = "<group>"; };
		8A5F03751383D3B10075619D /* CCActionTiledGrid.m */ = {isa = PBXFileReference; lastKnownFileType = sourcecode.c.objc; name = CCActionTiledGrid.m; path = libs/cocos2d/CCActionTiledGrid.m; sourceTree = "<group>"; };
		8A5F03771383D3B10075619D /* CCActionTween.h */ = {isa = PBXFileReference; name = CCActionTween.h; path = libs/cocos2d/CCActionTween.h; sourceTree = "<group>"; };
		8A5F03781383D3B10075619D /* CCActionTween.m */ = {isa = PBXFileReference; lastKnownFileType = sourcecode.c.objc; name = CCActionTween.m; path = libs/cocos2d/CCActionTween.m; sourceTree = "<group>"; };
		8A5F037A1383D3B10075619D /* CCAnimation.h */ = {isa = PBXFileReference; name = CCAnimation.h; path = libs/cocos2d/CCAnimation.h; sourceTree = "<group>"; };
		8A5F037B1383D3B10075619D /* CCAnimation.m */ = {isa = PBXFileReference; lastKnownFileType = sourcecode.c.objc; name = CCAnimation.m; path = libs/cocos2d/CCAnimation.m; sourceTree = "<group>"; };
		8A5F037D1383D3B10075619D /* CCAnimationCache.h */ = {isa = PBXFileReference; name = CCAnimationCache.h; path = libs/cocos2d/CCAnimationCache.h; sourceTree = "<group>"; };
		8A5F037E1383D3B10075619D /* CCAnimationCache.m */ = {isa = PBXFileReference; lastKnownFileType = sourcecode.c.objc; name = CCAnimationCache.m; path = libs/cocos2d/CCAnimationCache.m; sourceTree = "<group>"; };
		8A5F03801383D3B10075619D /* CCAtlasNode.h */ = {isa = PBXFileReference; name = CCAtlasNode.h; path = libs/cocos2d/CCAtlasNode.h; sourceTree = "<group>"; };
		8A5F03811383D3B10075619D /* CCAtlasNode.m */ = {isa = PBXFileReference; lastKnownFileType = sourcecode.c.objc; name = CCAtlasNode.m; path = libs/cocos2d/CCAtlasNode.m; sourceTree = "<group>"; };
		8A5F03831383D3B10075619D /* CCBlockSupport.h */ = {isa = PBXFileReference; name = CCBlockSupport.h; path = libs/cocos2d/CCBlockSupport.h; sourceTree = "<group>"; };
		8A5F03841383D3B10075619D /* CCBlockSupport.m */ = {isa = PBXFileReference; lastKnownFileType = sourcecode.c.objc; name = CCBlockSupport.m; path = libs/cocos2d/CCBlockSupport.m; sourceTree = "<group>"; };
		8A5F03861383D3B10075619D /* CCCamera.h */ = {isa = PBXFileReference; name = CCCamera.h; path = libs/cocos2d/CCCamera.h; sourceTree = "<group>"; };
		8A5F03871383D3B10075619D /* CCCamera.m */ = {isa = PBXFileReference; lastKnownFileType = sourcecode.c.objc; name = CCCamera.m; path = libs/cocos2d/CCCamera.m; sourceTree = "<group>"; };
		8A5F03891383D3B10075619D /* ccConfig.h */ = {isa = PBXFileReference; name = ccConfig.h; path = libs/cocos2d/ccConfig.h; sourceTree = "<group>"; };
		8A5F038A1383D3B10075619D /* CCConfiguration.h */ = {isa = PBXFileReference; name = CCConfiguration.h; path = libs/cocos2d/CCConfiguration.h; sourceTree = "<group>"; };
		8A5F038B1383D3B10075619D /* CCConfiguration.m */ = {isa = PBXFileReference; lastKnownFileType = sourcecode.c.objc; name = CCConfiguration.m; path = libs/cocos2d/CCConfiguration.m; sourceTree = "<group>"; };
		8A5F038D1383D3B10075619D /* CCDirector.h */ = {isa = PBXFileReference; name = CCDirector.h; path = libs/cocos2d/CCDirector.h; sourceTree = "<group>"; };
		8A5F038E1383D3B10075619D /* CCDirector.m */ = {isa = PBXFileReference; lastKnownFileType = sourcecode.c.objc; name = CCDirector.m; path = libs/cocos2d/CCDirector.m; sourceTree = "<group>"; };
		8A5F03901383D3B10075619D /* CCDrawingPrimitives.h */ = {isa = PBXFileReference; name = CCDrawingPrimitives.h; path = libs/cocos2d/CCDrawingPrimitives.h; sourceTree = "<group>"; };
		8A5F03911383D3B10075619D /* CCDrawingPrimitives.m */ = {isa = PBXFileReference; lastKnownFileType = sourcecode.c.objc; name = CCDrawingPrimitives.m; path = libs/cocos2d/CCDrawingPrimitives.m; sourceTree = "<group>"; };
		8A5F03931383D3B10075619D /* CCGrabber.h */ = {isa = PBXFileReference; name = CCGrabber.h; path = libs/cocos2d/CCGrabber.h; sourceTree = "<group>"; };
		8A5F03941383D3B10075619D /* CCGrabber.m */ = {isa = PBXFileReference; lastKnownFileType = sourcecode.c.objc; name = CCGrabber.m; path = libs/cocos2d/CCGrabber.m; sourceTree = "<group>"; };
		8A5F03961383D3B10075619D /* CCGrid.h */ = {isa = PBXFileReference; name = CCGrid.h; path = libs/cocos2d/CCGrid.h; sourceTree = "<group>"; };
		8A5F03971383D3B10075619D /* CCGrid.m */ = {isa = PBXFileReference; lastKnownFileType = sourcecode.c.objc; name = CCGrid.m; path = libs/cocos2d/CCGrid.m; sourceTree = "<group>"; };
		8A5F03991383D3B10075619D /* CCLabelAtlas.h */ = {isa = PBXFileReference; name = CCLabelAtlas.h; path = libs/cocos2d/CCLabelAtlas.h; sourceTree = "<group>"; };
		8A5F039A1383D3B10075619D /* CCLabelAtlas.m */ = {isa = PBXFileReference; lastKnownFileType = sourcecode.c.objc; name = CCLabelAtlas.m; path = libs/cocos2d/CCLabelAtlas.m; sourceTree = "<group>"; };
		8A5F039C1383D3B10075619D /* CCLabelBMFont.h */ = {isa = PBXFileReference; name = CCLabelBMFont.h; path = libs/cocos2d/CCLabelBMFont.h; sourceTree = "<group>"; };
		8A5F039D1383D3B10075619D /* CCLabelBMFont.m */ = {isa = PBXFileReference; lastKnownFileType = sourcecode.c.objc; name = CCLabelBMFont.m; path = libs/cocos2d/CCLabelBMFont.m; sourceTree = "<group>"; };
		8A5F039F1383D3B10075619D /* CCLabelTTF.h */ = {isa = PBXFileReference; name = CCLabelTTF.h; path = libs/cocos2d/CCLabelTTF.h; sourceTree = "<group>"; };
		8A5F03A01383D3B10075619D /* CCLabelTTF.m */ = {isa = PBXFileReference; lastKnownFileType = sourcecode.c.objc; name = CCLabelTTF.m; path = libs/cocos2d/CCLabelTTF.m; sourceTree = "<group>"; };
		8A5F03A21383D3B10075619D /* CCLayer.h */ = {isa = PBXFileReference; name = CCLayer.h; path = libs/cocos2d/CCLayer.h; sourceTree = "<group>"; };
		8A5F03A31383D3B10075619D /* CCLayer.m */ = {isa = PBXFileReference; lastKnownFileType = sourcecode.c.objc; name = CCLayer.m; path = libs/cocos2d/CCLayer.m; sourceTree = "<group>"; };
		8A5F03A51383D3B10075619D /* ccMacros.h */ = {isa = PBXFileReference; name = ccMacros.h; path = libs/cocos2d/ccMacros.h; sourceTree = "<group>"; };
		8A5F03A61383D3B10075619D /* CCMenu.h */ = {isa = PBXFileReference; name = CCMenu.h; path = libs/cocos2d/CCMenu.h; sourceTree = "<group>"; };
		8A5F03A71383D3B10075619D /* CCMenu.m */ = {isa = PBXFileReference; lastKnownFileType = sourcecode.c.objc; name = CCMenu.m; path = libs/cocos2d/CCMenu.m; sourceTree = "<group>"; };
		8A5F03A91383D3B10075619D /* CCMenuItem.h */ = {isa = PBXFileReference; name = CCMenuItem.h; path = libs/cocos2d/CCMenuItem.h; sourceTree = "<group>"; };
		8A5F03AA1383D3B10075619D /* CCMenuItem.m */ = {isa = PBXFileReference; lastKnownFileType = sourcecode.c.objc; name = CCMenuItem.m; path = libs/cocos2d/CCMenuItem.m; sourceTree = "<group>"; };
		8A5F03AC1383D3B10075619D /* CCMotionStreak.h */ = {isa = PBXFileReference; name = CCMotionStreak.h; path = libs/cocos2d/CCMotionStreak.h; sourceTree = "<group>"; };
		8A5F03AD1383D3B10075619D /* CCMotionStreak.m */ = {isa = PBXFileReference; lastKnownFileType = sourcecode.c.objc; name = CCMotionStreak.m; path = libs/cocos2d/CCMotionStreak.m; sourceTree = "<group>"; };
		8A5F03AF1383D3B10075619D /* CCNode.h */ = {isa = PBXFileReference; name = CCNode.h; path = libs/cocos2d/CCNode.h; sourceTree = "<group>"; };
		8A5F03B01383D3B10075619D /* CCNode.m */ = {isa = PBXFileReference; lastKnownFileType = sourcecode.c.objc; name = CCNode.m; path = libs/cocos2d/CCNode.m; sourceTree = "<group>"; };
		8A5F03B21383D3B10075619D /* CCParallaxNode.h */ = {isa = PBXFileReference; name = CCParallaxNode.h; path = libs/cocos2d/CCParallaxNode.h; sourceTree = "<group>"; };
		8A5F03B31383D3B10075619D /* CCParallaxNode.m */ = {isa = PBXFileReference; lastKnownFileType = sourcecode.c.objc; name = CCParallaxNode.m; path = libs/cocos2d/CCParallaxNode.m; sourceTree = "<group>"; };
		8A5F03B51383D3B10075619D /* CCParticleExamples.h */ = {isa = PBXFileReference; name = CCParticleExamples.h; path = libs/cocos2d/CCParticleExamples.h; sourceTree = "<group>"; };
		8A5F03B61383D3B10075619D /* CCParticleExamples.m */ = {isa = PBXFileReference; lastKnownFileType = sourcecode.c.objc; name = CCParticleExamples.m; path = libs/cocos2d/CCParticleExamples.m; sourceTree = "<group>"; };
		8A5F03B81383D3B10075619D /* CCParticleSystem.h */ = {isa = PBXFileReference; name = CCParticleSystem.h; path = libs/cocos2d/CCParticleSystem.h; sourceTree = "<group>"; };
		8A5F03B91383D3B10075619D /* CCParticleSystem.m */ = {isa = PBXFileReference; lastKnownFileType = sourcecode.c.objc; name = CCParticleSystem.m; path = libs/cocos2d/CCParticleSystem.m; sourceTree = "<group>"; };
		8A5F03BB1383D3B10075619D /* CCParticleSystemPoint.h */ = {isa = PBXFileReference; name = CCParticleSystemPoint.h; path = libs/cocos2d/CCParticleSystemPoint.h; sourceTree = "<group>"; };
		8A5F03BC1383D3B10075619D /* CCParticleSystemPoint.m */ = {isa = PBXFileReference; lastKnownFileType = sourcecode.c.objc; name = CCParticleSystemPoint.m; path = libs/cocos2d/CCParticleSystemPoint.m; sourceTree = "<group>"; };
		8A5F03BE1383D3B10075619D /* CCParticleSystemQuad.h */ = {isa = PBXFileReference; name = CCParticleSystemQuad.h; path = libs/cocos2d/CCParticleSystemQuad.h; sourceTree = "<group>"; };
		8A5F03BF1383D3B10075619D /* CCParticleSystemQuad.m */ = {isa = PBXFileReference; lastKnownFileType = sourcecode.c.objc; name = CCParticleSystemQuad.m; path = libs/cocos2d/CCParticleSystemQuad.m; sourceTree = "<group>"; };
		8A5F03C11383D3B10075619D /* CCProgressTimer.h */ = {isa = PBXFileReference; name = CCProgressTimer.h; path = libs/cocos2d/CCProgressTimer.h; sourceTree = "<group>"; };
		8A5F03C21383D3B10075619D /* CCProgressTimer.m */ = {isa = PBXFileReference; lastKnownFileType = sourcecode.c.objc; name = CCProgressTimer.m; path = libs/cocos2d/CCProgressTimer.m; sourceTree = "<group>"; };
		8A5F03C41383D3B10075619D /* CCProtocols.h */ = {isa = PBXFileReference; name = CCProtocols.h; path = libs/cocos2d/CCProtocols.h; sourceTree = "<group>"; };
		8A5F03C51383D3B10075619D /* CCRenderTexture.h */ = {isa = PBXFileReference; name = CCRenderTexture.h; path = libs/cocos2d/CCRenderTexture.h; sourceTree = "<group>"; };
		8A5F03C61383D3B10075619D /* CCRenderTexture.m */ = {isa = PBXFileReference; lastKnownFileType = sourcecode.c.objc; name = CCRenderTexture.m; path = libs/cocos2d/CCRenderTexture.m; sourceTree = "<group>"; };
		8A5F03C81383D3B10075619D /* CCRibbon.h */ = {isa = PBXFileReference; name = CCRibbon.h; path = libs/cocos2d/CCRibbon.h; sourceTree = "<group>"; };
		8A5F03C91383D3B10075619D /* CCRibbon.m */ = {isa = PBXFileReference; lastKnownFileType = sourcecode.c.objc; name = CCRibbon.m; path = libs/cocos2d/CCRibbon.m; sourceTree = "<group>"; };
		8A5F03CB1383D3B10075619D /* CCScene.h */ = {isa = PBXFileReference; name = CCScene.h; path = libs/cocos2d/CCScene.h; sourceTree = "<group>"; };
		8A5F03CC1383D3B10075619D /* CCScene.m */ = {isa = PBXFileReference; lastKnownFileType = sourcecode.c.objc; name = CCScene.m; path = libs/cocos2d/CCScene.m; sourceTree = "<group>"; };
		8A5F03CE1383D3B10075619D /* CCScheduler.h */ = {isa = PBXFileReference; name = CCScheduler.h; path = libs/cocos2d/CCScheduler.h; sourceTree = "<group>"; };
		8A5F03CF1383D3B10075619D /* CCScheduler.m */ = {isa = PBXFileReference; lastKnownFileType = sourcecode.c.objc; name = CCScheduler.m; path = libs/cocos2d/CCScheduler.m; sourceTree = "<group>"; };
		8A5F03D11383D3B10075619D /* CCSprite.h */ = {isa = PBXFileReference; name = CCSprite.h; path = libs/cocos2d/CCSprite.h; sourceTree = "<group>"; };
		8A5F03D21383D3B10075619D /* CCSprite.m */ = {isa = PBXFileReference; lastKnownFileType = sourcecode.c.objc; name = CCSprite.m; path = libs/cocos2d/CCSprite.m; sourceTree = "<group>"; };
		8A5F03D41383D3B10075619D /* CCSpriteBatchNode.h */ = {isa = PBXFileReference; name = CCSpriteBatchNode.h; path = libs/cocos2d/CCSpriteBatchNode.h; sourceTree = "<group>"; };
		8A5F03D51383D3B10075619D /* CCSpriteBatchNode.m */ = {isa = PBXFileReference; lastKnownFileType = sourcecode.c.objc; name = CCSpriteBatchNode.m; path = libs/cocos2d/CCSpriteBatchNode.m; sourceTree = "<group>"; };
		8A5F03D71383D3B10075619D /* CCSpriteFrame.h */ = {isa = PBXFileReference; name = CCSpriteFrame.h; path = libs/cocos2d/CCSpriteFrame.h; sourceTree = "<group>"; };
		8A5F03D81383D3B10075619D /* CCSpriteFrame.m */ = {isa = PBXFileReference; lastKnownFileType = sourcecode.c.objc; name = CCSpriteFrame.m; path = libs/cocos2d/CCSpriteFrame.m; sourceTree = "<group>"; };
		8A5F03DA1383D3B10075619D /* CCSpriteFrameCache.h */ = {isa = PBXFileReference; name = CCSpriteFrameCache.h; path = libs/cocos2d/CCSpriteFrameCache.h; sourceTree = "<group>"; };
		8A5F03DB1383D3B10075619D /* CCSpriteFrameCache.m */ = {isa = PBXFileReference; lastKnownFileType = sourcecode.c.objc; name = CCSpriteFrameCache.m; path = libs/cocos2d/CCSpriteFrameCache.m; sourceTree = "<group>"; };
		8A5F03DD1383D3B10075619D /* CCTexture2D.h */ = {isa = PBXFileReference; name = CCTexture2D.h; path = libs/cocos2d/CCTexture2D.h; sourceTree = "<group>"; };
		8A5F03DE1383D3B10075619D /* CCTexture2D.m */ = {isa = PBXFileReference; lastKnownFileType = sourcecode.c.objc; name = CCTexture2D.m; path = libs/cocos2d/CCTexture2D.m; sourceTree = "<group>"; };
		8A5F03E01383D3B10075619D /* CCTextureAtlas.h */ = {isa = PBXFileReference; name = CCTextureAtlas.h; path = libs/cocos2d/CCTextureAtlas.h; sourceTree = "<group>"; };
		8A5F03E11383D3B10075619D /* CCTextureAtlas.m */ = {isa = PBXFileReference; lastKnownFileType = sourcecode.c.objc; name = CCTextureAtlas.m; path = libs/cocos2d/CCTextureAtlas.m; sourceTree = "<group>"; };
		8A5F03E31383D3B10075619D /* CCTextureCache.h */ = {isa = PBXFileReference; name = CCTextureCache.h; path = libs/cocos2d/CCTextureCache.h; sourceTree = "<group>"; };
		8A5F03E41383D3B10075619D /* CCTextureCache.m */ = {isa = PBXFileReference; lastKnownFileType = sourcecode.c.objc; name = CCTextureCache.m; path = libs/cocos2d/CCTextureCache.m; sourceTree = "<group>"; };
		8A5F03E61383D3B10075619D /* CCTexturePVR.h */ = {isa = PBXFileReference; name = CCTexturePVR.h; path = libs/cocos2d/CCTexturePVR.h; sourceTree = "<group>"; };
		8A5F03E71383D3B20075619D /* CCTexturePVR.m */ = {isa = PBXFileReference; lastKnownFileType = sourcecode.c.objc; name = CCTexturePVR.m; path = libs/cocos2d/CCTexturePVR.m; sourceTree = "<group>"; };
		8A5F03E91383D3B20075619D /* CCTileMapAtlas.h */ = {isa = PBXFileReference; name = CCTileMapAtlas.h; path = libs/cocos2d/CCTileMapAtlas.h; sourceTree = "<group>"; };
		8A5F03EA1383D3B20075619D /* CCTileMapAtlas.m */ = {isa = PBXFileReference; lastKnownFileType = sourcecode.c.objc; name = CCTileMapAtlas.m; path = libs/cocos2d/CCTileMapAtlas.m; sourceTree = "<group>"; };
		8A5F03EC1383D3B20075619D /* CCTMXLayer.h */ = {isa = PBXFileReference; name = CCTMXLayer.h; path = libs/cocos2d/CCTMXLayer.h; sourceTree = "<group>"; };
		8A5F03ED1383D3B20075619D /* CCTMXLayer.m */ = {isa = PBXFileReference; lastKnownFileType = sourcecode.c.objc; name = CCTMXLayer.m; path = libs/cocos2d/CCTMXLayer.m; sourceTree = "<group>"; };
		8A5F03EF1383D3B20075619D /* CCTMXObjectGroup.h */ = {isa = PBXFileReference; name = CCTMXObjectGroup.h; path = libs/cocos2d/CCTMXObjectGroup.h; sourceTree = "<group>"; };
		8A5F03F01383D3B20075619D /* CCTMXObjectGroup.m */ = {isa = PBXFileReference; lastKnownFileType = sourcecode.c.objc; name = CCTMXObjectGroup.m; path = libs/cocos2d/CCTMXObjectGroup.m; sourceTree = "<group>"; };
		8A5F03F21383D3B20075619D /* CCTMXTiledMap.h */ = {isa = PBXFileReference; name = CCTMXTiledMap.h; path = libs/cocos2d/CCTMXTiledMap.h; sourceTree = "<group>"; };
		8A5F03F31383D3B20075619D /* CCTMXTiledMap.m */ = {isa = PBXFileReference; lastKnownFileType = sourcecode.c.objc; name = CCTMXTiledMap.m; path = libs/cocos2d/CCTMXTiledMap.m; sourceTree = "<group>"; };
		8A5F03F51383D3B20075619D /* CCTMXXMLParser.h */ = {isa = PBXFileReference; name = CCTMXXMLParser.h; path = libs/cocos2d/CCTMXXMLParser.h; sourceTree = "<group>"; };
		8A5F03F61383D3B20075619D /* CCTMXXMLParser.m */ = {isa = PBXFileReference; lastKnownFileType = sourcecode.c.objc; name = CCTMXXMLParser.m; path = libs/cocos2d/CCTMXXMLParser.m; sourceTree = "<group>"; };
		8A5F03F81383D3B20075619D /* CCTransition.h */ = {isa = PBXFileReference; name = CCTransition.h; path = libs/cocos2d/CCTransition.h; sourceTree = "<group>"; };
		8A5F03F91383D3B20075619D /* CCTransition.m */ = {isa = PBXFileReference; lastKnownFileType = sourcecode.c.objc; name = CCTransition.m; path = libs/cocos2d/CCTransition.m; sourceTree = "<group>"; };
		8A5F03FB1383D3B20075619D /* CCTransitionPageTurn.h */ = {isa = PBXFileReference; name = CCTransitionPageTurn.h; path = libs/cocos2d/CCTransitionPageTurn.h; sourceTree = "<group>"; };
		8A5F03FC1383D3B20075619D /* CCTransitionPageTurn.m */ = {isa = PBXFileReference; lastKnownFileType = sourcecode.c.objc; name = CCTransitionPageTurn.m; path = libs/cocos2d/CCTransitionPageTurn.m; sourceTree = "<group>"; };
		8A5F03FE1383D3B20075619D /* CCTransitionRadial.h */ = {isa = PBXFileReference; name = CCTransitionRadial.h; path = libs/cocos2d/CCTransitionRadial.h; sourceTree = "<group>"; };
		8A5F03FF1383D3B20075619D /* CCTransitionRadial.m */ = {isa = PBXFileReference; lastKnownFileType = sourcecode.c.objc; name = CCTransitionRadial.m; path = libs/cocos2d/CCTransitionRadial.m; sourceTree = "<group>"; };
		8A5F04011383D3B20075619D /* ccTypes.h */ = {isa = PBXFileReference; name = ccTypes.h; path = libs/cocos2d/ccTypes.h; sourceTree = "<group>"; };
		8A5F04021383D3B20075619D /* cocos2d.h */ = {isa = PBXFileReference; name = cocos2d.h; path = libs/cocos2d/cocos2d.h; sourceTree = "<group>"; };
		8A5F04031383D3B20075619D /* cocos2d.m */ = {isa = PBXFileReference; lastKnownFileType = sourcecode.c.objc; name = cocos2d.m; path = libs/cocos2d/cocos2d.m; sourceTree = "<group>"; };
		8A5F04051383D3B20075619D /* CCGL.h */ = {isa = PBXFileReference; name = CCGL.h; path = libs/cocos2d/Platforms/CCGL.h; sourceTree = "<group>"; };
		8A5F04061383D3B20075619D /* CCNS.h */ = {isa = PBXFileReference; name = CCNS.h; path = libs/cocos2d/Platforms/CCNS.h; sourceTree = "<group>"; };
		8A5F04071383D3B20075619D /* CCDirectorIOS.h */ = {isa = PBXFileReference; name = CCDirectorIOS.h; path = libs/cocos2d/Platforms/iOS/CCDirectorIOS.h; sourceTree = "<group>"; };
		8A5F04081383D3B20075619D /* CCDirectorIOS.m */ = {isa = PBXFileReference; lastKnownFileType = sourcecode.c.objc; name = CCDirectorIOS.m; path = libs/cocos2d/Platforms/iOS/CCDirectorIOS.m; sourceTree = "<group>"; };
		8A5F040A1383D3B20075619D /* CCTouchDelegateProtocol.h */ = {isa = PBXFileReference; name = CCTouchDelegateProtocol.h; path = libs/cocos2d/Platforms/iOS/CCTouchDelegateProtocol.h; sourceTree = "<group>"; };
		8A5F040B1383D3B20075619D /* CCTouchDispatcher.h */ = {isa = PBXFileReference; name = CCTouchDispatcher.h; path = libs/cocos2d/Platforms/iOS/CCTouchDispatcher.h; sourceTree = "<group>"; };
		8A5F040C1383D3B20075619D /* CCTouchDispatcher.m */ = {isa = PBXFileReference; lastKnownFileType = sourcecode.c.objc; name = CCTouchDispatcher.m; path = libs/cocos2d/Platforms/iOS/CCTouchDispatcher.m; sourceTree = "<group>"; };
		8A5F040E1383D3B20075619D /* CCTouchHandler.h */ = {isa = PBXFileReference; name = CCTouchHandler.h; path = libs/cocos2d/Platforms/iOS/CCTouchHandler.h; sourceTree = "<group>"; };
		8A5F040F1383D3B20075619D /* CCTouchHandler.m */ = {isa = PBXFileReference; lastKnownFileType = sourcecode.c.objc; name = CCTouchHandler.m; path = libs/cocos2d/Platforms/iOS/CCTouchHandler.m; sourceTree = "<group>"; };
		8A5F04111383D3B20075619D /* EAGLView.h */ = {isa = PBXFileReference; name = EAGLView.h; path = libs/cocos2d/Platforms/iOS/EAGLView.h; sourceTree = "<group>"; };
		8A5F04121383D3B20075619D /* EAGLView.m */ = {isa = PBXFileReference; lastKnownFileType = sourcecode.c.objc; name = EAGLView.m; path = libs/cocos2d/Platforms/iOS/EAGLView.m; sourceTree = "<group>"; };
		8A5F04141383D3B20075619D /* ES1Renderer.h */ = {isa = PBXFileReference; name = ES1Renderer.h; path = libs/cocos2d/Platforms/iOS/ES1Renderer.h; sourceTree = "<group>"; };
		8A5F04151383D3B20075619D /* ES1Renderer.m */ = {isa = PBXFileReference; lastKnownFileType = sourcecode.c.objc; name = ES1Renderer.m; path = libs/cocos2d/Platforms/iOS/ES1Renderer.m; sourceTree = "<group>"; };
		8A5F04171383D3B20075619D /* ESRenderer.h */ = {isa = PBXFileReference; name = ESRenderer.h; path = libs/cocos2d/Platforms/iOS/ESRenderer.h; sourceTree = "<group>"; };
		8A5F04181383D3B20075619D /* glu.c */ = {isa = PBXFileReference; lastKnownFileType = sourcecode.c.c; name = glu.c; path = libs/cocos2d/Platforms/iOS/glu.c; sourceTree = "<group>"; };
		8A5F041A1383D3B20075619D /* glu.h */ = {isa = PBXFileReference; name = glu.h; path = libs/cocos2d/Platforms/iOS/glu.h; sourceTree = "<group>"; };
		8A5F041B1383D3B20075619D /* CCDirectorMac.h */ = {isa = PBXFileReference; name = CCDirectorMac.h; path = libs/cocos2d/Platforms/Mac/CCDirectorMac.h; sourceTree = "<group>"; };
		8A5F041C1383D3B20075619D /* CCDirectorMac.m */ = {isa = PBXFileReference; lastKnownFileType = sourcecode.c.objc; name = CCDirectorMac.m; path = libs/cocos2d/Platforms/Mac/CCDirectorMac.m; sourceTree = "<group>"; };
		8A5F041E1383D3B20075619D /* CCEventDispatcher.h */ = {isa = PBXFileReference; name = CCEventDispatcher.h; path = libs/cocos2d/Platforms/Mac/CCEventDispatcher.h; sourceTree = "<group>"; };
		8A5F041F1383D3B20075619D /* CCEventDispatcher.m */ = {isa = PBXFileReference; lastKnownFileType = sourcecode.c.objc; name = CCEventDispatcher.m; path = libs/cocos2d/Platforms/Mac/CCEventDispatcher.m; sourceTree = "<group>"; };
		8A5F04211383D3B20075619D /* MacGLView.h */ = {isa = PBXFileReference; name = MacGLView.h; path = libs/cocos2d/Platforms/Mac/MacGLView.h; sourceTree = "<group>"; };
		8A5F04221383D3B20075619D /* MacGLView.m */ = {isa = PBXFileReference; lastKnownFileType = sourcecode.c.objc; name = MacGLView.m; path = libs/cocos2d/Platforms/Mac/MacGLView.m; sourceTree = "<group>"; };
		8A5F04241383D3B20075619D /* MacWindow.h */ = {isa = PBXFileReference; name = MacWindow.h; path = libs/cocos2d/Platforms/Mac/MacWindow.h; sourceTree = "<group>"; };
		8A5F04251383D3B20075619D /* MacWindow.m */ = {isa = PBXFileReference; lastKnownFileType = sourcecode.c.objc; name = MacWindow.m; path = libs/cocos2d/Platforms/Mac/MacWindow.m; sourceTree = "<group>"; };
		8A5F04271383D3B20075619D /* base64.c */ = {isa = PBXFileReference; lastKnownFileType = sourcecode.c.c; name = base64.c; path = libs/cocos2d/Support/base64.c; sourceTree = "<group>"; };
		8A5F04291383D3B20075619D /* base64.h */ = {isa = PBXFileReference; name = base64.h; path = libs/cocos2d/Support/base64.h; sourceTree = "<group>"; };
		8A5F042A1383D3B20075619D /* CCArray.h */ = {isa = PBXFileReference; name = CCArray.h; path = libs/cocos2d/Support/CCArray.h; sourceTree = "<group>"; };
		8A5F042B1383D3B20075619D /* CCArray.m */ = {isa = PBXFileReference; lastKnownFileType = sourcecode.c.objc; name = CCArray.m; path = libs/cocos2d/Support/CCArray.m; sourceTree = "<group>"; };
		8A5F042D1383D3B20075619D /* ccCArray.h */ = {isa = PBXFileReference; name = ccCArray.h; path = libs/cocos2d/Support/ccCArray.h; sourceTree = "<group>"; };
		8A5F042E1383D3B20075619D /* CCFileUtils.h */ = {isa = PBXFileReference; name = CCFileUtils.h; path = libs/cocos2d/Support/CCFileUtils.h; sourceTree = "<group>"; };
		8A5F042F1383D3B20075619D /* CCFileUtils.m */ = {isa = PBXFileReference; lastKnownFileType = sourcecode.c.objc; name = CCFileUtils.m; path = libs/cocos2d/Support/CCFileUtils.m; sourceTree = "<group>"; };
		8A5F04311383D3B20075619D /* CCProfiling.h */ = {isa = PBXFileReference; name = CCProfiling.h; path = libs/cocos2d/Support/CCProfiling.h; sourceTree = "<group>"; };
		8A5F04321383D3B20075619D /* CCProfiling.m */ = {isa = PBXFileReference; lastKnownFileType = sourcecode.c.objc; name = CCProfiling.m; path = libs/cocos2d/Support/CCProfiling.m; sourceTree = "<group>"; };
		8A5F04341383D3B20075619D /* ccUtils.c */ = {isa = PBXFileReference; lastKnownFileType = sourcecode.c.c; name = ccUtils.c; path = libs/cocos2d/Support/ccUtils.c; sourceTree = "<group>"; };
		8A5F04361383D3B20075619D /* ccUtils.h */ = {isa = PBXFileReference; name = ccUtils.h; path = libs/cocos2d/Support/ccUtils.h; sourceTree = "<group>"; };
		8A5F04371383D3B20075619D /* CGPointExtension.h */ = {isa = PBXFileReference; name = CGPointExtension.h; path = libs/cocos2d/Support/CGPointExtension.h; sourceTree = "<group>"; };
		8A5F04381383D3B20075619D /* CGPointExtension.m */ = {isa = PBXFileReference; lastKnownFileType = sourcecode.c.objc; name = CGPointExtension.m; path = libs/cocos2d/Support/CGPointExtension.m; sourceTree = "<group>"; };
		8A5F043A1383D3B20075619D /* OpenGL_Internal.h */ = {isa = PBXFileReference; name = OpenGL_Internal.h; path = libs/cocos2d/Support/OpenGL_Internal.h; sourceTree = "<group>"; };
		8A5F043B1383D3B20075619D /* TGAlib.h */ = {isa = PBXFileReference; name = TGAlib.h; path = libs/cocos2d/Support/TGAlib.h; sourceTree = "<group>"; };
		8A5F043C1383D3B20075619D /* TGAlib.m */ = {isa = PBXFileReference; lastKnownFileType = sourcecode.c.objc; name = TGAlib.m; path = libs/cocos2d/Support/TGAlib.m; sourceTree = "<group>"; };
		8A5F043E1383D3B20075619D /* TransformUtils.h */ = {isa = PBXFileReference; name = TransformUtils.h; path = libs/cocos2d/Support/TransformUtils.h; sourceTree = "<group>"; };
		8A5F043F1383D3B20075619D /* TransformUtils.m */ = {isa = PBXFileReference; lastKnownFileType = sourcecode.c.objc; name = TransformUtils.m; path = libs/cocos2d/Support/TransformUtils.m; sourceTree = "<group>"; };
		8A5F04411383D3B20075619D /* uthash.h */ = {isa = PBXFileReference; name = uthash.h; path = libs/cocos2d/Support/uthash.h; sourceTree = "<group>"; };
		8A5F04421383D3B20075619D /* utlist.h */ = {isa = PBXFileReference; name = utlist.h; path = libs/cocos2d/Support/utlist.h; sourceTree = "<group>"; };
		8A5F04431383D3B20075619D /* ZipUtils.h */ = {isa = PBXFileReference; name = ZipUtils.h; path = libs/cocos2d/Support/ZipUtils.h; sourceTree = "<group>"; };
		8A5F04441383D3B20075619D /* ZipUtils.m */ = {isa = PBXFileReference; lastKnownFileType = sourcecode.c.objc; name = ZipUtils.m; path = libs/cocos2d/Support/ZipUtils.m; sourceTree = "<group>"; };
		8A5F04471383D3B20075619D /* CDAudioManager.h */ = {isa = PBXFileReference; name = CDAudioManager.h; path = libs/CocosDenshion/CDAudioManager.h; sourceTree = "<group>"; };
		8A5F04481383D3B20075619D /* CDAudioManager.m */ = {isa = PBXFileReference; lastKnownFileType = sourcecode.c.objc; name = CDAudioManager.m; path = libs/CocosDenshion/CDAudioManager.m; sourceTree = "<group>"; };
		8A5F044A1383D3B20075619D /* CDConfig.h */ = {isa = PBXFileReference; name = CDConfig.h; path = libs/CocosDenshion/CDConfig.h; sourceTree = "<group>"; };
		8A5F044B1383D3B20075619D /* CDOpenALSupport.h */ = {isa = PBXFileReference; name = CDOpenALSupport.h; path = libs/CocosDenshion/CDOpenALSupport.h; sourceTree = "<group>"; };
		8A5F044C1383D3B20075619D /* CDOpenALSupport.m */ = {isa = PBXFileReference; lastKnownFileType = sourcecode.c.objc; name = CDOpenALSupport.m; path = libs/CocosDenshion/CDOpenALSupport.m; sourceTree = "<group>"; };
		8A5F044E1383D3B20075619D /* CocosDenshion.h */ = {isa = PBXFileReference; name = CocosDenshion.h; path = libs/CocosDenshion/CocosDenshion.h; sourceTree = "<group>"; };
		8A5F044F1383D3B20075619D /* CocosDenshion.m */ = {isa = PBXFileReference; lastKnownFileType = sourcecode.c.objc; name = CocosDenshion.m; path = libs/CocosDenshion/CocosDenshion.m; sourceTree = "<group>"; };
		8A5F04511383D3B20075619D /* SimpleAudioEngine.h */ = {isa = PBXFileReference; name = SimpleAudioEngine.h; path = libs/CocosDenshion/SimpleAudioEngine.h; sourceTree = "<group>"; };
		8A5F04521383D3B20075619D /* SimpleAudioEngine.m */ = {isa = PBXFileReference; lastKnownFileType = sourcecode.c.objc; name = SimpleAudioEngine.m; path = libs/CocosDenshion/SimpleAudioEngine.m; sourceTree = "<group>"; };
		8A5F04551383D3B30075619D /* CLScoreServerPost.h */ = {isa = PBXFileReference; name = CLScoreServerPost.h; path = libs/cocoslive/CLScoreServerPost.h; sourceTree = "<group>"; };
		8A5F04561383D3B30075619D /* CLScoreServerPost.m */ = {isa = PBXFileReference; lastKnownFileType = sourcecode.c.objc; name = CLScoreServerPost.m; path = libs/cocoslive/CLScoreServerPost.m; sourceTree = "<group>"; };
		8A5F04581383D3B30075619D /* CLScoreServerRequest.h */ = {isa = PBXFileReference; name = CLScoreServerRequest.h; path = libs/cocoslive/CLScoreServerRequest.h; sourceTree = "<group>"; };
		8A5F04591383D3B30075619D /* CLScoreServerRequest.m */ = {isa = PBXFileReference; lastKnownFileType = sourcecode.c.objc; name = CLScoreServerRequest.m; path = libs/cocoslive/CLScoreServerRequest.m; sourceTree = "<group>"; };
		8A5F045B1383D3B30075619D /* cocoslive.h */ = {isa = PBXFileReference; name = cocoslive.h; path = libs/cocoslive/cocoslive.h; sourceTree = "<group>"; };
		8A5F045C1383D3B30075619D /* cocoslive.m */ = {isa = PBXFileReference; lastKnownFileType = sourcecode.c.objc; name = cocoslive.m; path = libs/cocoslive/cocoslive.m; sourceTree = "<group>"; };
		8A5F045F1383D3B30075619D /* FontLabel.h */ = {isa = PBXFileReference; name = FontLabel.h; path = libs/FontLabel/FontLabel.h; sourceTree = "<group>"; };
		8A5F04601383D3B30075619D /* FontLabel.m */ = {isa = PBXFileReference; lastKnownFileType = sourcecode.c.objc; name = FontLabel.m; path = libs/FontLabel/FontLabel.m; sourceTree = "<group>"; };
		8A5F04621383D3B30075619D /* FontLabelStringDrawing.h */ = {isa = PBXFileReference; name = FontLabelStringDrawing.h; path = libs/FontLabel/FontLabelStringDrawing.h; sourceTree = "<group>"; };
		8A5F04631383D3B30075619D /* FontLabelStringDrawing.m */ = {isa = PBXFileReference; lastKnownFileType = sourcecode.c.objc; name = FontLabelStringDrawing.m; path = libs/FontLabel/FontLabelStringDrawing.m; sourceTree = "<group>"; };
		8A5F04651383D3B30075619D /* FontManager.h */ = {isa = PBXFileReference; name = FontManager.h; path = libs/FontLabel/FontManager.h; sourceTree = "<group>"; };
		8A5F04661383D3B30075619D /* FontManager.m */ = {isa = PBXFileReference; lastKnownFileType = sourcecode.c.objc; name = FontManager.m; path = libs/FontLabel/FontManager.m; sourceTree = "<group>"; };
		8A5F04681383D3B30075619D /* ZAttributedString.h */ = {isa = PBXFileReference; name = ZAttributedString.h; path = libs/FontLabel/ZAttributedString.h; sourceTree = "<group>"; };
		8A5F04691383D3B30075619D /* ZAttributedString.m */ = {isa = PBXFileReference; lastKnownFileType = sourcecode.c.objc; name = ZAttributedString.m; path = libs/FontLabel/ZAttributedString.m; sourceTree = "<group>"; };
		8A5F046B1383D3B30075619D /* ZAttributedStringPrivate.h */ = {isa = PBXFileReference; name = ZAttributedStringPrivate.h; path = libs/FontLabel/ZAttributedStringPrivate.h; sourceTree = "<group>"; };
		8A5F046C1383D3B30075619D /* ZFont.h */ = {isa = PBXFileReference; name = ZFont.h; path = libs/FontLabel/ZFont.h; sourceTree = "<group>"; };
		8A5F046D1383D3B30075619D /* ZFont.m */ = {isa = PBXFileReference; lastKnownFileType = sourcecode.c.objc; name = ZFont.m; path = libs/FontLabel/ZFont.m; sourceTree = "<group>"; };
		8A5F04701383D3B30075619D /* CDataScanner.h */ = {isa = PBXFileReference; name = CDataScanner.h; path = libs/TouchJSON/CDataScanner.h; sourceTree = "<group>"; };
		8A5F04711383D3B30075619D /* CDataScanner.m */ = {isa = PBXFileReference; lastKnownFileType = sourcecode.c.objc; name = CDataScanner.m; path = libs/TouchJSON/CDataScanner.m; sourceTree = "<group>"; };
		8A5F04731383D3B30075619D /* CDataScanner_Extensions.h */ = {isa = PBXFileReference; name = CDataScanner_Extensions.h; path = libs/TouchJSON/Extensions/CDataScanner_Extensions.h; sourceTree = "<group>"; };
		8A5F04741383D3B30075619D /* CDataScanner_Extensions.m */ = {isa = PBXFileReference; lastKnownFileType = sourcecode.c.objc; name = CDataScanner_Extensions.m; path = libs/TouchJSON/Extensions/CDataScanner_Extensions.m; sourceTree = "<group>"; };
		8A5F04761383D3B30075619D /* NSCharacterSet_Extensions.h */ = {isa = PBXFileReference; name = NSCharacterSet_Extensions.h; path = libs/TouchJSON/Extensions/NSCharacterSet_Extensions.h; sourceTree = "<group>"; };
		8A5F04771383D3B30075619D /* NSCharacterSet_Extensions.m */ = {isa = PBXFileReference; lastKnownFileType = sourcecode.c.objc; name = NSCharacterSet_Extensions.m; path = libs/TouchJSON/Extensions/NSCharacterSet_Extensions.m; sourceTree = "<group>"; };
		8A5F04791383D3B30075619D /* NSDictionary_JSONExtensions.h */ = {isa = PBXFileReference; name = NSDictionary_JSONExtensions.h; path = libs/TouchJSON/Extensions/NSDictionary_JSONExtensions.h; sourceTree = "<group>"; };
		8A5F047A1383D3B30075619D /* NSDictionary_JSONExtensions.m */ = {isa = PBXFileReference; lastKnownFileType = sourcecode.c.objc; name = NSDictionary_JSONExtensions.m; path = libs/TouchJSON/Extensions/NSDictionary_JSONExtensions.m; sourceTree = "<group>"; };
		8A5F047C1383D3B30075619D /* NSScanner_Extensions.h */ = {isa = PBXFileReference; name = NSScanner_Extensions.h; path = libs/TouchJSON/Extensions/NSScanner_Extensions.h; sourceTree = "<group>"; };
		8A5F047D1383D3B30075619D /* NSScanner_Extensions.m */ = {isa = PBXFileReference; lastKnownFileType = sourcecode.c.objc; name = NSScanner_Extensions.m; path = libs/TouchJSON/Extensions/NSScanner_Extensions.m; sourceTree = "<group>"; };
		8A5F047F1383D3B30075619D /* CJSONDeserializer.h */ = {isa = PBXFileReference; name = CJSONDeserializer.h; path = libs/TouchJSON/JSON/CJSONDeserializer.h; sourceTree = "<group>"; };
		8A5F04801383D3B30075619D /* CJSONDeserializer.m */ = {isa = PBXFileReference; lastKnownFileType = sourcecode.c.objc; name = CJSONDeserializer.m; path = libs/TouchJSON/JSON/CJSONDeserializer.m; sourceTree = "<group>"; };
		8A5F04821383D3B30075619D /* CJSONScanner.h */ = {isa = PBXFileReference; name = CJSONScanner.h; path = libs/TouchJSON/JSON/CJSONScanner.h; sourceTree = "<group>"; };
		8A5F04831383D3B30075619D /* CJSONScanner.m */ = {isa = PBXFileReference; lastKnownFileType = sourcecode.c.objc; name = CJSONScanner.m; path = libs/TouchJSON/JSON/CJSONScanner.m; sourceTree = "<group>"; };
		8A5F04851383D3B30075619D /* CJSONSerializer.h */ = {isa = PBXFileReference; name = CJSONSerializer.h; path = libs/TouchJSON/JSON/CJSONSerializer.h; sourceTree = "<group>"; };
		8A5F04861383D3B30075619D /* CJSONSerializer.m */ = {isa = PBXFileReference; lastKnownFileType = sourcecode.c.objc; name = CJSONSerializer.m; path = libs/TouchJSON/JSON/CJSONSerializer.m; sourceTree = "<group>"; };
		8A5F04891383D3B30075619D /* Prefix.pch */ = {isa = PBXFileReference; path = Prefix.pch; sourceTree = "<group>"; };
		8A5F048A1383D3B30075619D /* main.m */ = {isa = PBXFileReference; lastKnownFileType = sourcecode.c.objc; path = main.m; sourceTree = "<group>"; };
		8A5F048C1383D3B30075619D /* AppDelegate.h */ = {isa = PBXFileReference; path = AppDelegate.h; sourceTree = "<group>"; };
		8A5F048D1383D3B30075619D /* AppDelegate.m */ = {isa = PBXFileReference; lastKnownFileType = sourcecode.c.objc; path = AppDelegate.m; sourceTree = "<group>"; };
		8A5F048F1383D3B30075619D /* RootViewController.h */ = {isa = PBXFileReference; path = RootViewController.h; sourceTree = "<group>"; };
		8A5F04901383D3B30075619D /* RootViewController.m */ = {isa = PBXFileReference; lastKnownFileType = sourcecode.c.objc; path = RootViewController.m; sourceTree = "<group>"; };
		8A5F04921383D3B30075619D /* HelloWorldLayer.h */ = {isa = PBXFileReference; path = HelloWorldLayer.h; sourceTree = "<group>"; };
		8A5F04931383D3B30075619D /* HelloWorldLayer.m */ = {isa = PBXFileReference; lastKnownFileType = sourcecode.c.objc; path = HelloWorldLayer.m; sourceTree = "<group>"; };
		8A5F04951383D3B30075619D /* GameConfig.h */ = {isa = PBXFileReference; path = GameConfig.h; sourceTree = "<group>"; };
/* End PBXFileReference section */

/* Begin PBXFrameworksBuildPhase section */
		8A5F03291383D3B10075619D /* Frameworks */ = {
			isa = PBXFrameworksBuildPhase;
			buildActionMask = 2147483647;
			files = (
				8A5F03311383D3B10075619D /* QuartzCore.framework in Frameworks */,
				8A5F03331383D3B10075619D /* OpenGLES.framework in Frameworks */,
				8A5F03351383D3B10075619D /* OpenAL.framework in Frameworks */,
				8A5F03371383D3B10075619D /* AudioToolbox.framework in Frameworks */,
				8A5F03391383D3B10075619D /* AVFoundation.framework in Frameworks */,
				8A5F033B1383D3B10075619D /* UIKit.framework in Frameworks */,
				8A5F033D1383D3B10075619D /* Foundation.framework in Frameworks */,
				8A5F033F1383D3B10075619D /* CoreGraphics.framework in Frameworks */,
			);
			runOnlyForDeploymentPostprocessing = 0;
		};
/* End PBXFrameworksBuildPhase section */

/* Begin PBXGroup section */
		8A5F03211383D3B00075619D = {
			isa = PBXGroup;
			children = (
				8A5F03401383D3B10075619D /* iJPad */,
				8A5F032F1383D3B10075619D /* Frameworks */,
				8A5F032D1383D3B10075619D /* Products */,
			);
			sourceTree = "<group>";
		};
		8A5F032D1383D3B10075619D /* Products */ = {
			isa = PBXGroup;
			children = (
				8A5F032C1383D3B10075619D /* iJPad.app */,
			);
			name = Products;
			sourceTree = "<group>";
		};
		8A5F032F1383D3B10075619D /* Frameworks */ = {
			isa = PBXGroup;
			children = (
				8A5F03301383D3B10075619D /* QuartzCore.framework */,
				8A5F03321383D3B10075619D /* OpenGLES.framework */,
				8A5F03341383D3B10075619D /* OpenAL.framework */,
				8A5F03361383D3B10075619D /* AudioToolbox.framework */,
				8A5F03381383D3B10075619D /* AVFoundation.framework */,
				8A5F033A1383D3B10075619D /* UIKit.framework */,
				8A5F033C1383D3B10075619D /* Foundation.framework */,
				8A5F033E1383D3B10075619D /* CoreGraphics.framework */,
			);
			name = Frameworks;
			sourceTree = "<group>";
		};
		8A5F03401383D3B10075619D /* iJPad */ = {
			isa = PBXGroup;
			children = (
				8A5F048C1383D3B30075619D /* AppDelegate.h */,
				8A5F048D1383D3B30075619D /* AppDelegate.m */,
				8A5F048F1383D3B30075619D /* RootViewController.h */,
				8A5F04901383D3B30075619D /* RootViewController.m */,
				8A5F04921383D3B30075619D /* HelloWorldLayer.h */,
				8A5F04931383D3B30075619D /* HelloWorldLayer.m */,
				8A5F04951383D3B30075619D /* GameConfig.h */,
				8A5F03411383D3B10075619D /* Resources */,
				8A5F03551383D3B10075619D /* cocos2d */,
				8A5F04461383D3B20075619D /* CocosDenshion */,
				8A5F04541383D3B20075619D /* cocoslive */,
				8A5F045E1383D3B30075619D /* FontLabel */,
				8A5F046F1383D3B30075619D /* TouchJSON */,
				8A5F04881383D3B30075619D /* Supporting Files */,
			);
			path = iJPad;
			sourceTree = "<group>";
		};
		8A5F03411383D3B10075619D /* Resources */ = {
			isa = PBXGroup;
			children = (
				8A5F03421383D3B10075619D /* Default.png */,
				8A5F03441383D3B10075619D /* fps_images.png */,
				8A5F03461383D3B10075619D /* Icon-72.png */,
				8A5F03481383D3B10075619D /* Icon-Small-50.png */,
				8A5F034A1383D3B10075619D /* Icon-Small.png */,
				8A5F034C1383D3B10075619D /* Icon-Small@2x.png */,
				8A5F034E1383D3B10075619D /* Icon.png */,
				8A5F03501383D3B10075619D /* Icon@2x.png */,
				8A5F03521383D3B10075619D /* Info.plist */,
				8A5F03531383D3B10075619D /* iTunesArtwork */,
			);
			name = Resources;
			sourceTree = "<group>";
		};
		8A5F03551383D3B10075619D /* cocos2d */ = {
			isa = PBXGroup;
			children = (
				8A5F03561383D3B10075619D /* CCAction.h */,
				8A5F03571383D3B10075619D /* CCAction.m */,
				8A5F03591383D3B10075619D /* CCActionCamera.h */,
				8A5F035A1383D3B10075619D /* CCActionCamera.m */,
				8A5F035C1383D3B10075619D /* CCActionEase.h */,
				8A5F035D1383D3B10075619D /* CCActionEase.m */,
				8A5F035F1383D3B10075619D /* CCActionGrid.h */,
				8A5F03601383D3B10075619D /* CCActionGrid.m */,
				8A5F03621383D3B10075619D /* CCActionGrid3D.h */,
				8A5F03631383D3B10075619D /* CCActionGrid3D.m */,
				8A5F03651383D3B10075619D /* CCActionInstant.h */,
				8A5F03661383D3B10075619D /* CCActionInstant.m */,
				8A5F03681383D3B10075619D /* CCActionInterval.h */,
				8A5F03691383D3B10075619D /* CCActionInterval.m */,
				8A5F036B1383D3B10075619D /* CCActionManager.h */,
				8A5F036C1383D3B10075619D /* CCActionManager.m */,
				8A5F036E1383D3B10075619D /* CCActionPageTurn3D.h */,
				8A5F036F1383D3B10075619D /* CCActionPageTurn3D.m */,
				8A5F03711383D3B10075619D /* CCActionProgressTimer.h */,
				8A5F03721383D3B10075619D /* CCActionProgressTimer.m */,
				8A5F03741383D3B10075619D /* CCActionTiledGrid.h */,
				8A5F03751383D3B10075619D /* CCActionTiledGrid.m */,
				8A5F03771383D3B10075619D /* CCActionTween.h */,
				8A5F03781383D3B10075619D /* CCActionTween.m */,
				8A5F037A1383D3B10075619D /* CCAnimation.h */,
				8A5F037B1383D3B10075619D /* CCAnimation.m */,
				8A5F037D1383D3B10075619D /* CCAnimationCache.h */,
				8A5F037E1383D3B10075619D /* CCAnimationCache.m */,
				8A5F03801383D3B10075619D /* CCAtlasNode.h */,
				8A5F03811383D3B10075619D /* CCAtlasNode.m */,
				8A5F03831383D3B10075619D /* CCBlockSupport.h */,
				8A5F03841383D3B10075619D /* CCBlockSupport.m */,
				8A5F03861383D3B10075619D /* CCCamera.h */,
				8A5F03871383D3B10075619D /* CCCamera.m */,
				8A5F03891383D3B10075619D /* ccConfig.h */,
				8A5F038A1383D3B10075619D /* CCConfiguration.h */,
				8A5F038B1383D3B10075619D /* CCConfiguration.m */,
				8A5F038D1383D3B10075619D /* CCDirector.h */,
				8A5F038E1383D3B10075619D /* CCDirector.m */,
				8A5F03901383D3B10075619D /* CCDrawingPrimitives.h */,
				8A5F03911383D3B10075619D /* CCDrawingPrimitives.m */,
				8A5F03931383D3B10075619D /* CCGrabber.h */,
				8A5F03941383D3B10075619D /* CCGrabber.m */,
				8A5F03961383D3B10075619D /* CCGrid.h */,
				8A5F03971383D3B10075619D /* CCGrid.m */,
				8A5F03991383D3B10075619D /* CCLabelAtlas.h */,
				8A5F039A1383D3B10075619D /* CCLabelAtlas.m */,
				8A5F039C1383D3B10075619D /* CCLabelBMFont.h */,
				8A5F039D1383D3B10075619D /* CCLabelBMFont.m */,
				8A5F039F1383D3B10075619D /* CCLabelTTF.h */,
				8A5F03A01383D3B10075619D /* CCLabelTTF.m */,
				8A5F03A21383D3B10075619D /* CCLayer.h */,
				8A5F03A31383D3B10075619D /* CCLayer.m */,
				8A5F03A51383D3B10075619D /* ccMacros.h */,
				8A5F03A61383D3B10075619D /* CCMenu.h */,
				8A5F03A71383D3B10075619D /* CCMenu.m */,
				8A5F03A91383D3B10075619D /* CCMenuItem.h */,
				8A5F03AA1383D3B10075619D /* CCMenuItem.m */,
				8A5F03AC1383D3B10075619D /* CCMotionStreak.h */,
				8A5F03AD1383D3B10075619D /* CCMotionStreak.m */,
				8A5F03AF1383D3B10075619D /* CCNode.h */,
				8A5F03B01383D3B10075619D /* CCNode.m */,
				8A5F03B21383D3B10075619D /* CCParallaxNode.h */,
				8A5F03B31383D3B10075619D /* CCParallaxNode.m */,
				8A5F03B51383D3B10075619D /* CCParticleExamples.h */,
				8A5F03B61383D3B10075619D /* CCParticleExamples.m */,
				8A5F03B81383D3B10075619D /* CCParticleSystem.h */,
				8A5F03B91383D3B10075619D /* CCParticleSystem.m */,
				8A5F03BB1383D3B10075619D /* CCParticleSystemPoint.h */,
				8A5F03BC1383D3B10075619D /* CCParticleSystemPoint.m */,
				8A5F03BE1383D3B10075619D /* CCParticleSystemQuad.h */,
				8A5F03BF1383D3B10075619D /* CCParticleSystemQuad.m */,
				8A5F03C11383D3B10075619D /* CCProgressTimer.h */,
				8A5F03C21383D3B10075619D /* CCProgressTimer.m */,
				8A5F03C41383D3B10075619D /* CCProtocols.h */,
				8A5F03C51383D3B10075619D /* CCRenderTexture.h */,
				8A5F03C61383D3B10075619D /* CCRenderTexture.m */,
				8A5F03C81383D3B10075619D /* CCRibbon.h */,
				8A5F03C91383D3B10075619D /* CCRibbon.m */,
				8A5F03CB1383D3B10075619D /* CCScene.h */,
				8A5F03CC1383D3B10075619D /* CCScene.m */,
				8A5F03CE1383D3B10075619D /* CCScheduler.h */,
				8A5F03CF1383D3B10075619D /* CCScheduler.m */,
				8A5F03D11383D3B10075619D /* CCSprite.h */,
				8A5F03D21383D3B10075619D /* CCSprite.m */,
				8A5F03D41383D3B10075619D /* CCSpriteBatchNode.h */,
				8A5F03D51383D3B10075619D /* CCSpriteBatchNode.m */,
				8A5F03D71383D3B10075619D /* CCSpriteFrame.h */,
				8A5F03D81383D3B10075619D /* CCSpriteFrame.m */,
				8A5F03DA1383D3B10075619D /* CCSpriteFrameCache.h */,
				8A5F03DB1383D3B10075619D /* CCSpriteFrameCache.m */,
				8A5F03DD1383D3B10075619D /* CCTexture2D.h */,
				8A5F03DE1383D3B10075619D /* CCTexture2D.m */,
				8A5F03E01383D3B10075619D /* CCTextureAtlas.h */,
				8A5F03E11383D3B10075619D /* CCTextureAtlas.m */,
				8A5F03E31383D3B10075619D /* CCTextureCache.h */,
				8A5F03E41383D3B10075619D /* CCTextureCache.m */,
				8A5F03E61383D3B10075619D /* CCTexturePVR.h */,
				8A5F03E71383D3B20075619D /* CCTexturePVR.m */,
				8A5F03E91383D3B20075619D /* CCTileMapAtlas.h */,
				8A5F03EA1383D3B20075619D /* CCTileMapAtlas.m */,
				8A5F03EC1383D3B20075619D /* CCTMXLayer.h */,
				8A5F03ED1383D3B20075619D /* CCTMXLayer.m */,
				8A5F03EF1383D3B20075619D /* CCTMXObjectGroup.h */,
				8A5F03F01383D3B20075619D /* CCTMXObjectGroup.m */,
				8A5F03F21383D3B20075619D /* CCTMXTiledMap.h */,
				8A5F03F31383D3B20075619D /* CCTMXTiledMap.m */,
				8A5F03F51383D3B20075619D /* CCTMXXMLParser.h */,
				8A5F03F61383D3B20075619D /* CCTMXXMLParser.m */,
				8A5F03F81383D3B20075619D /* CCTransition.h */,
				8A5F03F91383D3B20075619D /* CCTransition.m */,
				8A5F03FB1383D3B20075619D /* CCTransitionPageTurn.h */,
				8A5F03FC1383D3B20075619D /* CCTransitionPageTurn.m */,
				8A5F03FE1383D3B20075619D /* CCTransitionRadial.h */,
				8A5F03FF1383D3B20075619D /* CCTransitionRadial.m */,
				8A5F04011383D3B20075619D /* ccTypes.h */,
				8A5F04021383D3B20075619D /* cocos2d.h */,
				8A5F04031383D3B20075619D /* cocos2d.m */,
				8A5F04051383D3B20075619D /* CCGL.h */,
				8A5F04061383D3B20075619D /* CCNS.h */,
				8A5F04071383D3B20075619D /* CCDirectorIOS.h */,
				8A5F04081383D3B20075619D /* CCDirectorIOS.m */,
				8A5F040A1383D3B20075619D /* CCTouchDelegateProtocol.h */,
				8A5F040B1383D3B20075619D /* CCTouchDispatcher.h */,
				8A5F040C1383D3B20075619D /* CCTouchDispatcher.m */,
				8A5F040E1383D3B20075619D /* CCTouchHandler.h */,
				8A5F040F1383D3B20075619D /* CCTouchHandler.m */,
				8A5F04111383D3B20075619D /* EAGLView.h */,
				8A5F04121383D3B20075619D /* EAGLView.m */,
				8A5F04141383D3B20075619D /* ES1Renderer.h */,
				8A5F04151383D3B20075619D /* ES1Renderer.m */,
				8A5F04171383D3B20075619D /* ESRenderer.h */,
				8A5F04181383D3B20075619D /* glu.c */,
				8A5F041A1383D3B20075619D /* glu.h */,
				8A5F041B1383D3B20075619D /* CCDirectorMac.h */,
				8A5F041C1383D3B20075619D /* CCDirectorMac.m */,
				8A5F041E1383D3B20075619D /* CCEventDispatcher.h */,
				8A5F041F1383D3B20075619D /* CCEventDispatcher.m */,
				8A5F04211383D3B20075619D /* MacGLView.h */,
				8A5F04221383D3B20075619D /* MacGLView.m */,
				8A5F04241383D3B20075619D /* MacWindow.h */,
				8A5F04251383D3B20075619D /* MacWindow.m */,
				8A5F04271383D3B20075619D /* base64.c */,
				8A5F04291383D3B20075619D /* base64.h */,
				8A5F042A1383D3B20075619D /* CCArray.h */,
				8A5F042B1383D3B20075619D /* CCArray.m */,
				8A5F042D1383D3B20075619D /* ccCArray.h */,
				8A5F042E1383D3B20075619D /* CCFileUtils.h */,
				8A5F042F1383D3B20075619D /* CCFileUtils.m */,
				8A5F04311383D3B20075619D /* CCProfiling.h */,
				8A5F04321383D3B20075619D /* CCProfiling.m */,
				8A5F04341383D3B20075619D /* ccUtils.c */,
				8A5F04361383D3B20075619D /* ccUtils.h */,
				8A5F04371383D3B20075619D /* CGPointExtension.h */,
				8A5F04381383D3B20075619D /* CGPointExtension.m */,
				8A5F043A1383D3B20075619D /* OpenGL_Internal.h */,
				8A5F043B1383D3B20075619D /* TGAlib.h */,
				8A5F043C1383D3B20075619D /* TGAlib.m */,
				8A5F043E1383D3B20075619D /* TransformUtils.h */,
				8A5F043F1383D3B20075619D /* TransformUtils.m */,
				8A5F04411383D3B20075619D /* uthash.h */,
				8A5F04421383D3B20075619D /* utlist.h */,
				8A5F04431383D3B20075619D /* ZipUtils.h */,
				8A5F04441383D3B20075619D /* ZipUtils.m */,
			);
			name = cocos2d;
			sourceTree = "<group>";
		};
		8A5F04461383D3B20075619D /* CocosDenshion */ = {
			isa = PBXGroup;
			children = (
				8A5F04471383D3B20075619D /* CDAudioManager.h */,
				8A5F04481383D3B20075619D /* CDAudioManager.m */,
				8A5F044A1383D3B20075619D /* CDConfig.h */,
				8A5F044B1383D3B20075619D /* CDOpenALSupport.h */,
				8A5F044C1383D3B20075619D /* CDOpenALSupport.m */,
				8A5F044E1383D3B20075619D /* CocosDenshion.h */,
				8A5F044F1383D3B20075619D /* CocosDenshion.m */,
				8A5F04511383D3B20075619D /* SimpleAudioEngine.h */,
				8A5F04521383D3B20075619D /* SimpleAudioEngine.m */,
			);
			name = CocosDenshion;
			sourceTree = "<group>";
		};
		8A5F04541383D3B20075619D /* cocoslive */ = {
			isa = PBXGroup;
			children = (
				8A5F04551383D3B30075619D /* CLScoreServerPost.h */,
				8A5F04561383D3B30075619D /* CLScoreServerPost.m */,
				8A5F04581383D3B30075619D /* CLScoreServerRequest.h */,
				8A5F04591383D3B30075619D /* CLScoreServerRequest.m */,
				8A5F045B1383D3B30075619D /* cocoslive.h */,
				8A5F045C1383D3B30075619D /* cocoslive.m */,
			);
			name = cocoslive;
			sourceTree = "<group>";
		};
		8A5F045E1383D3B30075619D /* FontLabel */ = {
			isa = PBXGroup;
			children = (
				8A5F045F1383D3B30075619D /* FontLabel.h */,
				8A5F04601383D3B30075619D /* FontLabel.m */,
				8A5F04621383D3B30075619D /* FontLabelStringDrawing.h */,
				8A5F04631383D3B30075619D /* FontLabelStringDrawing.m */,
				8A5F04651383D3B30075619D /* FontManager.h */,
				8A5F04661383D3B30075619D /* FontManager.m */,
				8A5F04681383D3B30075619D /* ZAttributedString.h */,
				8A5F04691383D3B30075619D /* ZAttributedString.m */,
				8A5F046B1383D3B30075619D /* ZAttributedStringPrivate.h */,
				8A5F046C1383D3B30075619D /* ZFont.h */,
				8A5F046D1383D3B30075619D /* ZFont.m */,
			);
			name = FontLabel;
			sourceTree = "<group>";
		};
		8A5F046F1383D3B30075619D /* TouchJSON */ = {
			isa = PBXGroup;
			children = (
				8A5F04701383D3B30075619D /* CDataScanner.h */,
				8A5F04711383D3B30075619D /* CDataScanner.m */,
				8A5F04731383D3B30075619D /* CDataScanner_Extensions.h */,
				8A5F04741383D3B30075619D /* CDataScanner_Extensions.m */,
				8A5F04761383D3B30075619D /* NSCharacterSet_Extensions.h */,
				8A5F04771383D3B30075619D /* NSCharacterSet_Extensions.m */,
				8A5F04791383D3B30075619D /* NSDictionary_JSONExtensions.h */,
				8A5F047A1383D3B30075619D /* NSDictionary_JSONExtensions.m */,
				8A5F047C1383D3B30075619D /* NSScanner_Extensions.h */,
				8A5F047D1383D3B30075619D /* NSScanner_Extensions.m */,
				8A5F047F1383D3B30075619D /* CJSONDeserializer.h */,
				8A5F04801383D3B30075619D /* CJSONDeserializer.m */,
				8A5F04821383D3B30075619D /* CJSONScanner.h */,
				8A5F04831383D3B30075619D /* CJSONScanner.m */,
				8A5F04851383D3B30075619D /* CJSONSerializer.h */,
				8A5F04861383D3B30075619D /* CJSONSerializer.m */,
			);
			name = TouchJSON;
			sourceTree = "<group>";
		};
		8A5F04881383D3B30075619D /* Supporting Files */ = {
			isa = PBXGroup;
			children = (
				8A5F04891383D3B30075619D /* Prefix.pch */,
				8A5F048A1383D3B30075619D /* main.m */,
			);
			name = "Supporting Files";
			sourceTree = "<group>";
		};
/* End PBXGroup section */

/* Begin PBXNativeTarget section */
		8A5F032B1383D3B10075619D /* iJPad */ = {
			isa = PBXNativeTarget;
			buildConfigurationList = 8A5F04981383D3B30075619D /* Build configuration list for PBXNativeTarget "iJPad" */;
			buildPhases = (
				8A5F03281383D3B10075619D /* Sources */,
				8A5F03291383D3B10075619D /* Frameworks */,
				8A5F032A1383D3B10075619D /* Resources */,
			);
			buildRules = (
			);
			dependencies = (
			);
			name = iJPad;
			productName = iJPad;
			productReference = 8A5F032C1383D3B10075619D /* iJPad.app */;
			productType = "com.apple.product-type.application";
		};
/* End PBXNativeTarget section */

/* Begin PBXProject section */
		8A5F03231383D3B00075619D /* Project object */ = {
			isa = PBXProject;
			attributes = {
				ORGANIZATIONNAME = ChalmersTH;
			};
			buildConfigurationList = 8A5F03261383D3B00075619D /* Build configuration list for PBXProject "iJPad" */;
			compatibilityVersion = "Xcode 3.2";
			developmentRegion = English;
			hasScannedForEncodings = 0;
			knownRegions = (
				en,
			);
			mainGroup = 8A5F03211383D3B00075619D;
			productRefGroup = 8A5F032D1383D3B10075619D /* Products */;
			projectDirPath = "";
			projectRoot = "";
			targets = (
				8A5F032B1383D3B10075619D /* iJPad */,
			);
		};
/* End PBXProject section */

/* Begin PBXResourcesBuildPhase section */
		8A5F032A1383D3B10075619D /* Resources */ = {
			isa = PBXResourcesBuildPhase;
			buildActionMask = 2147483647;
			files = (
				8A5F03431383D3B10075619D /* Default.png in Resources */,
				8A5F03451383D3B10075619D /* fps_images.png in Resources */,
				8A5F03471383D3B10075619D /* Icon-72.png in Resources */,
				8A5F03491383D3B10075619D /* Icon-Small-50.png in Resources */,
				8A5F034B1383D3B10075619D /* Icon-Small.png in Resources */,
				8A5F034D1383D3B10075619D /* Icon-Small@2x.png in Resources */,
				8A5F034F1383D3B10075619D /* Icon.png in Resources */,
				8A5F03511383D3B10075619D /* Icon@2x.png in Resources */,
				8A5F03541383D3B10075619D /* iTunesArtwork in Resources */,
			);
			runOnlyForDeploymentPostprocessing = 0;
		};
/* End PBXResourcesBuildPhase section */

/* Begin PBXSourcesBuildPhase section */
		8A5F03281383D3B10075619D /* Sources */ = {
			isa = PBXSourcesBuildPhase;
			buildActionMask = 2147483647;
			files = (
				8A5F03581383D3B10075619D /* CCAction.m in Sources */,
				8A5F035B1383D3B10075619D /* CCActionCamera.m in Sources */,
				8A5F035E1383D3B10075619D /* CCActionEase.m in Sources */,
				8A5F03611383D3B10075619D /* CCActionGrid.m in Sources */,
				8A5F03641383D3B10075619D /* CCActionGrid3D.m in Sources */,
				8A5F03671383D3B10075619D /* CCActionInstant.m in Sources */,
				8A5F036A1383D3B10075619D /* CCActionInterval.m in Sources */,
				8A5F036D1383D3B10075619D /* CCActionManager.m in Sources */,
				8A5F03701383D3B10075619D /* CCActionPageTurn3D.m in Sources */,
				8A5F03731383D3B10075619D /* CCActionProgressTimer.m in Sources */,
				8A5F03761383D3B10075619D /* CCActionTiledGrid.m in Sources */,
				8A5F03791383D3B10075619D /* CCActionTween.m in Sources */,
				8A5F037C1383D3B10075619D /* CCAnimation.m in Sources */,
				8A5F037F1383D3B10075619D /* CCAnimationCache.m in Sources */,
				8A5F03821383D3B10075619D /* CCAtlasNode.m in Sources */,
				8A5F03851383D3B10075619D /* CCBlockSupport.m in Sources */,
				8A5F03881383D3B10075619D /* CCCamera.m in Sources */,
				8A5F038C1383D3B10075619D /* CCConfiguration.m in Sources */,
				8A5F038F1383D3B10075619D /* CCDirector.m in Sources */,
				8A5F03921383D3B10075619D /* CCDrawingPrimitives.m in Sources */,
				8A5F03951383D3B10075619D /* CCGrabber.m in Sources */,
				8A5F03981383D3B10075619D /* CCGrid.m in Sources */,
				8A5F039B1383D3B10075619D /* CCLabelAtlas.m in Sources */,
				8A5F039E1383D3B10075619D /* CCLabelBMFont.m in Sources */,
				8A5F03A11383D3B10075619D /* CCLabelTTF.m in Sources */,
				8A5F03A41383D3B10075619D /* CCLayer.m in Sources */,
				8A5F03A81383D3B10075619D /* CCMenu.m in Sources */,
				8A5F03AB1383D3B10075619D /* CCMenuItem.m in Sources */,
				8A5F03AE1383D3B10075619D /* CCMotionStreak.m in Sources */,
				8A5F03B11383D3B10075619D /* CCNode.m in Sources */,
				8A5F03B41383D3B10075619D /* CCParallaxNode.m in Sources */,
				8A5F03B71383D3B10075619D /* CCParticleExamples.m in Sources */,
				8A5F03BA1383D3B10075619D /* CCParticleSystem.m in Sources */,
				8A5F03BD1383D3B10075619D /* CCParticleSystemPoint.m in Sources */,
				8A5F03C01383D3B10075619D /* CCParticleSystemQuad.m in Sources */,
				8A5F03C31383D3B10075619D /* CCProgressTimer.m in Sources */,
				8A5F03C71383D3B10075619D /* CCRenderTexture.m in Sources */,
				8A5F03CA1383D3B10075619D /* CCRibbon.m in Sources */,
				8A5F03CD1383D3B10075619D /* CCScene.m in Sources */,
				8A5F03D01383D3B10075619D /* CCScheduler.m in Sources */,
				8A5F03D31383D3B10075619D /* CCSprite.m in Sources */,
				8A5F03D61383D3B10075619D /* CCSpriteBatchNode.m in Sources */,
				8A5F03D91383D3B10075619D /* CCSpriteFrame.m in Sources */,
				8A5F03DC1383D3B10075619D /* CCSpriteFrameCache.m in Sources */,
				8A5F03DF1383D3B10075619D /* CCTexture2D.m in Sources */,
				8A5F03E21383D3B10075619D /* CCTextureAtlas.m in Sources */,
				8A5F03E51383D3B10075619D /* CCTextureCache.m in Sources */,
				8A5F03E81383D3B20075619D /* CCTexturePVR.m in Sources */,
				8A5F03EB1383D3B20075619D /* CCTileMapAtlas.m in Sources */,
				8A5F03EE1383D3B20075619D /* CCTMXLayer.m in Sources */,
				8A5F03F11383D3B20075619D /* CCTMXObjectGroup.m in Sources */,
				8A5F03F41383D3B20075619D /* CCTMXTiledMap.m in Sources */,
				8A5F03F71383D3B20075619D /* CCTMXXMLParser.m in Sources */,
				8A5F03FA1383D3B20075619D /* CCTransition.m in Sources */,
				8A5F03FD1383D3B20075619D /* CCTransitionPageTurn.m in Sources */,
				8A5F04001383D3B20075619D /* CCTransitionRadial.m in Sources */,
				8A5F04041383D3B20075619D /* cocos2d.m in Sources */,
				8A5F04091383D3B20075619D /* CCDirectorIOS.m in Sources */,
				8A5F040D1383D3B20075619D /* CCTouchDispatcher.m in Sources */,
				8A5F04101383D3B20075619D /* CCTouchHandler.m in Sources */,
				8A5F04131383D3B20075619D /* EAGLView.m in Sources */,
				8A5F04161383D3B20075619D /* ES1Renderer.m in Sources */,
				8A5F04191383D3B20075619D /* glu.c in Sources */,
				8A5F041D1383D3B20075619D /* CCDirectorMac.m in Sources */,
				8A5F04201383D3B20075619D /* CCEventDispatcher.m in Sources */,
				8A5F04231383D3B20075619D /* MacGLView.m in Sources */,
				8A5F04261383D3B20075619D /* MacWindow.m in Sources */,
				8A5F04281383D3B20075619D /* base64.c in Sources */,
				8A5F042C1383D3B20075619D /* CCArray.m in Sources */,
				8A5F04301383D3B20075619D /* CCFileUtils.m in Sources */,
				8A5F04331383D3B20075619D /* CCProfiling.m in Sources */,
				8A5F04351383D3B20075619D /* ccUtils.c in Sources */,
				8A5F04391383D3B20075619D /* CGPointExtension.m in Sources */,
				8A5F043D1383D3B20075619D /* TGAlib.m in Sources */,
				8A5F04401383D3B20075619D /* TransformUtils.m in Sources */,
				8A5F04451383D3B20075619D /* ZipUtils.m in Sources */,
				8A5F04491383D3B20075619D /* CDAudioManager.m in Sources */,
				8A5F044D1383D3B20075619D /* CDOpenALSupport.m in Sources */,
				8A5F04501383D3B20075619D /* CocosDenshion.m in Sources */,
				8A5F04531383D3B20075619D /* SimpleAudioEngine.m in Sources */,
				8A5F04571383D3B30075619D /* CLScoreServerPost.m in Sources */,
				8A5F045A1383D3B30075619D /* CLScoreServerRequest.m in Sources */,
				8A5F045D1383D3B30075619D /* cocoslive.m in Sources */,
				8A5F04611383D3B30075619D /* FontLabel.m in Sources */,
				8A5F04641383D3B30075619D /* FontLabelStringDrawing.m in Sources */,
				8A5F04671383D3B30075619D /* FontManager.m in Sources */,
				8A5F046A1383D3B30075619D /* ZAttributedString.m in Sources */,
				8A5F046E1383D3B30075619D /* ZFont.m in Sources */,
				8A5F04721383D3B30075619D /* CDataScanner.m in Sources */,
				8A5F04751383D3B30075619D /* CDataScanner_Extensions.m in Sources */,
				8A5F04781383D3B30075619D /* NSCharacterSet_Extensions.m in Sources */,
				8A5F047B1383D3B30075619D /* NSDictionary_JSONExtensions.m in Sources */,
				8A5F047E1383D3B30075619D /* NSScanner_Extensions.m in Sources */,
				8A5F04811383D3B30075619D /* CJSONDeserializer.m in Sources */,
				8A5F04841383D3B30075619D /* CJSONScanner.m in Sources */,
				8A5F04871383D3B30075619D /* CJSONSerializer.m in Sources */,
				8A5F048B1383D3B30075619D /* main.m in Sources */,
				8A5F048E1383D3B30075619D /* AppDelegate.m in Sources */,
				8A5F04911383D3B30075619D /* RootViewController.m in Sources */,
				8A5F04941383D3B30075619D /* HelloWorldLayer.m in Sources */,
			);
			runOnlyForDeploymentPostprocessing = 0;
		};
/* End PBXSourcesBuildPhase section */

/* Begin XCBuildConfiguration section */
		8A5F04961383D3B30075619D /* Debug */ = {
			isa = XCBuildConfiguration;
			buildSettings = {
				ARCHS = "$(ARCHS_STANDARD_32_BIT)";
				"CODE_SIGN_IDENTITY[sdk=iphoneos*]" = "iPhone Developer";
				GCC_C_LANGUAGE_STANDARD = gnu99;
				GCC_OPTIMIZATION_LEVEL = 0;
				GCC_PREPROCESSOR_DEFINITIONS = (
					DEBUG,
					"COCOS2D_DEBUG=1",
				);
				GCC_SYMBOLS_PRIVATE_EXTERN = NO;
				GCC_VERSION = com.apple.compilers.llvmgcc42;
				GCC_WARN_ABOUT_RETURN_TYPE = YES;
				GCC_WARN_UNUSED_VARIABLE = YES;
				IPHONEOS_DEPLOYMENT_TARGET = 4.3;
				SDKROOT = iphoneos;
			};
			name = Debug;
		};
		8A5F04971383D3B30075619D /* Release */ = {
			isa = XCBuildConfiguration;
			buildSettings = {
				ARCHS = "$(ARCHS_STANDARD_32_BIT)";
				"CODE_SIGN_IDENTITY[sdk=iphoneos*]" = "iPhone Developer";
				GCC_C_LANGUAGE_STANDARD = gnu99;
				GCC_PREPROCESSOR_DEFINITIONS = NDEBUG;
				GCC_VERSION = com.apple.compilers.llvmgcc42;
				GCC_WARN_ABOUT_RETURN_TYPE = YES;
				GCC_WARN_UNUSED_VARIABLE = YES;
				IPHONEOS_DEPLOYMENT_TARGET = 4.3;
				OTHER_CFLAGS = "-DNS_BLOCK_ASSERTIONS=1";
				SDKROOT = iphoneos;
			};
			name = Release;
		};
		8A5F04991383D3B30075619D /* Debug */ = {
			isa = XCBuildConfiguration;
			buildSettings = {
				ALWAYS_SEARCH_USER_PATHS = NO;
				COPY_PHASE_STRIP = NO;
				GCC_DYNAMIC_NO_PIC = NO;
				GCC_PRECOMPILE_PREFIX_HEADER = YES;
				GCC_PREFIX_HEADER = iJPad/Prefix.pch;
				"GCC_THUMB_SUPPORT[arch=armv6]" = "";
				INFOPLIST_FILE = iJPad/Resources/Info.plist;
				OTHER_LDFLAGS = "-lz";
				PRODUCT_NAME = "$(TARGET_NAME)";
				WRAPPER_EXTENSION = app;
			};
			name = Debug;
		};
		8A5F049A1383D3B30075619D /* Release */ = {
			isa = XCBuildConfiguration;
			buildSettings = {
				ALWAYS_SEARCH_USER_PATHS = NO;
				COPY_PHASE_STRIP = YES;
				GCC_PRECOMPILE_PREFIX_HEADER = YES;
				GCC_PREFIX_HEADER = iJPad/Prefix.pch;
				"GCC_THUMB_SUPPORT[arch=armv6]" = "";
				INFOPLIST_FILE = iJPad/Resources/Info.plist;
				OTHER_LDFLAGS = "-lz";
				PRODUCT_NAME = "$(TARGET_NAME)";
				VALIDATE_PRODUCT = YES;
				WRAPPER_EXTENSION = app;
			};
			name = Release;
		};
/* End XCBuildConfiguration section */

/* Begin XCConfigurationList section */
		8A5F03261383D3B00075619D /* Build configuration list for PBXProject "iJPad" */ = {
			isa = XCConfigurationList;
			buildConfigurations = (
				8A5F04961383D3B30075619D /* Debug */,
				8A5F04971383D3B30075619D /* Release */,
			);
			defaultConfigurationIsVisible = 0;
			defaultConfigurationName = Release;
		};
		8A5F04981383D3B30075619D /* Build configuration list for PBXNativeTarget "iJPad" */ = {
			isa = XCConfigurationList;
			buildConfigurations = (
				8A5F04991383D3B30075619D /* Debug */,
				8A5F049A1383D3B30075619D /* Release */,
			);
			defaultConfigurationIsVisible = 0;
		};
/* End XCConfigurationList section */
	};
	rootObject = 8A5F03231383D3B00075619D /* Project object */;
}
